// !$*UTF8*$!
{
	archiveVersion = 1;
	classes = {
	};
	objectVersion = 46;
	objects = {

/* Begin PBXBuildFile section */
		2D03BEEE1F189A3600D5E5AD /* SwipingViewController.swift in Sources */ = {isa = PBXBuildFile; fileRef = 2D03BEED1F189A3600D5E5AD /* SwipingViewController.swift */; };
		2D03BF0A1F18A6CB00D5E5AD /* Direction.swift in Sources */ = {isa = PBXBuildFile; fileRef = 2D03BF021F18A6CB00D5E5AD /* Direction.swift */; };
		2D03BF0B1F18A6CB00D5E5AD /* Info.plist in Resources */ = {isa = PBXBuildFile; fileRef = 2D03BF031F18A6CB00D5E5AD /* Info.plist */; };
		2D03BF0C1F18A6CB00D5E5AD /* Scheduler.swift in Sources */ = {isa = PBXBuildFile; fileRef = 2D03BF041F18A6CB00D5E5AD /* Scheduler.swift */; };
		2D03BF0D1F18A6CB00D5E5AD /* ViewManager.swift in Sources */ = {isa = PBXBuildFile; fileRef = 2D03BF051F18A6CB00D5E5AD /* ViewManager.swift */; };
		2D03BF0E1F18A6CB00D5E5AD /* ZLSwipeableView.swift in Sources */ = {isa = PBXBuildFile; fileRef = 2D03BF061F18A6CB00D5E5AD /* ZLSwipeableView.swift */; };
		2D03BF131F18BB6E00D5E5AD /* CardView.swift in Sources */ = {isa = PBXBuildFile; fileRef = 2D03BF121F18BB6E00D5E5AD /* CardView.swift */; };
		2D03BF151F18DA2B00D5E5AD /* dummyViewController.swift in Sources */ = {isa = PBXBuildFile; fileRef = 2D03BF141F18DA2B00D5E5AD /* dummyViewController.swift */; };
		2D03BF171F18DA4200D5E5AD /* webviewViewController.swift in Sources */ = {isa = PBXBuildFile; fileRef = 2D03BF161F18DA4200D5E5AD /* webviewViewController.swift */; };
		2D03BF371F18DBAC00D5E5AD /* Align.swift in Sources */ = {isa = PBXBuildFile; fileRef = 2D03BF1A1F18DBAB00D5E5AD /* Align.swift */; };
		2D03BF381F18DBAC00D5E5AD /* Coefficients.swift in Sources */ = {isa = PBXBuildFile; fileRef = 2D03BF1B1F18DBAB00D5E5AD /* Coefficients.swift */; };
		2D03BF391F18DBAC00D5E5AD /* Compound.swift in Sources */ = {isa = PBXBuildFile; fileRef = 2D03BF1C1F18DBAB00D5E5AD /* Compound.swift */; };
		2D03BF3A1F18DBAC00D5E5AD /* Constrain.swift in Sources */ = {isa = PBXBuildFile; fileRef = 2D03BF1D1F18DBAC00D5E5AD /* Constrain.swift */; };
		2D03BF3B1F18DBAC00D5E5AD /* Constraint.swift in Sources */ = {isa = PBXBuildFile; fileRef = 2D03BF1E1F18DBAC00D5E5AD /* Constraint.swift */; };
		2D03BF3C1F18DBAC00D5E5AD /* ConstraintGroup.swift in Sources */ = {isa = PBXBuildFile; fileRef = 2D03BF1F1F18DBAC00D5E5AD /* ConstraintGroup.swift */; };
		2D03BF3D1F18DBAC00D5E5AD /* Context.swift in Sources */ = {isa = PBXBuildFile; fileRef = 2D03BF201F18DBAC00D5E5AD /* Context.swift */; };
		2D03BF3E1F18DBAC00D5E5AD /* Dimension.swift in Sources */ = {isa = PBXBuildFile; fileRef = 2D03BF211F18DBAC00D5E5AD /* Dimension.swift */; };
		2D03BF3F1F18DBAC00D5E5AD /* Distribute.swift in Sources */ = {isa = PBXBuildFile; fileRef = 2D03BF221F18DBAC00D5E5AD /* Distribute.swift */; };
		2D03BF401F18DBAC00D5E5AD /* Edge.swift in Sources */ = {isa = PBXBuildFile; fileRef = 2D03BF231F18DBAC00D5E5AD /* Edge.swift */; };
		2D03BF411F18DBAC00D5E5AD /* Edges.swift in Sources */ = {isa = PBXBuildFile; fileRef = 2D03BF241F18DBAC00D5E5AD /* Edges.swift */; };
		2D03BF421F18DBAC00D5E5AD /* Expression.swift in Sources */ = {isa = PBXBuildFile; fileRef = 2D03BF251F18DBAC00D5E5AD /* Expression.swift */; };
		2D03BF431F18DBAC00D5E5AD /* Extensions.swift in Sources */ = {isa = PBXBuildFile; fileRef = 2D03BF261F18DBAC00D5E5AD /* Extensions.swift */; };
		2D03BF441F18DBAC00D5E5AD /* LayoutProxy.swift in Sources */ = {isa = PBXBuildFile; fileRef = 2D03BF271F18DBAC00D5E5AD /* LayoutProxy.swift */; };
		2D03BF451F18DBAC00D5E5AD /* LayoutSupport.swift in Sources */ = {isa = PBXBuildFile; fileRef = 2D03BF281F18DBAC00D5E5AD /* LayoutSupport.swift */; };
		2D03BF461F18DBAC00D5E5AD /* Point.swift in Sources */ = {isa = PBXBuildFile; fileRef = 2D03BF291F18DBAC00D5E5AD /* Point.swift */; };
		2D03BF471F18DBAC00D5E5AD /* Priority.swift in Sources */ = {isa = PBXBuildFile; fileRef = 2D03BF2A1F18DBAC00D5E5AD /* Priority.swift */; };
		2D03BF481F18DBAC00D5E5AD /* Property.swift in Sources */ = {isa = PBXBuildFile; fileRef = 2D03BF2B1F18DBAC00D5E5AD /* Property.swift */; };
		2D03BF491F18DBAC00D5E5AD /* Size.swift in Sources */ = {isa = PBXBuildFile; fileRef = 2D03BF2C1F18DBAC00D5E5AD /* Size.swift */; };
		2D03BF4A1F18DBAC00D5E5AD /* View.swift in Sources */ = {isa = PBXBuildFile; fileRef = 2D03BF2D1F18DBAC00D5E5AD /* View.swift */; };
		2D03BF4B1F18DBAC00D5E5AD /* ViewUtils.swift in Sources */ = {isa = PBXBuildFile; fileRef = 2D03BF2E1F18DBAC00D5E5AD /* ViewUtils.swift */; };
		2D03BF4C1F18DBAC00D5E5AD /* LICENSE in Resources */ = {isa = PBXBuildFile; fileRef = 2D03BF2F1F18DBAC00D5E5AD /* LICENSE */; };
		2D03BF4D1F18DBAC00D5E5AD /* README.md in Sources */ = {isa = PBXBuildFile; fileRef = 2D03BF301F18DBAC00D5E5AD /* README.md */; };
		2D03BF4E1F18DBAC00D5E5AD /* LICENSE in Resources */ = {isa = PBXBuildFile; fileRef = 2D03BF321F18DBAC00D5E5AD /* LICENSE */; };
		2D03BF4F1F18DBAC00D5E5AD /* README.md in Sources */ = {isa = PBXBuildFile; fileRef = 2D03BF331F18DBAC00D5E5AD /* README.md */; };
		2D03BF501F18DBAC00D5E5AD /* UIColor+FlatColors.m in Sources */ = {isa = PBXBuildFile; fileRef = 2D03BF361F18DBAC00D5E5AD /* UIColor+FlatColors.m */; };
		2D0BB96A1F174BE10031B04F /* SignUpViewController.swift in Sources */ = {isa = PBXBuildFile; fileRef = 2D0BB9691F174BE10031B04F /* SignUpViewController.swift */; };
		2D3A4EC51F29EC2800CA9C10 /* UserProfileInfoViewController.swift in Sources */ = {isa = PBXBuildFile; fileRef = 2D3A4EC41F29EC2800CA9C10 /* UserProfileInfoViewController.swift */; };
		2D3A4EC71F2A052600CA9C10 /* UserPositioninfoCollectionViewCell.swift in Sources */ = {isa = PBXBuildFile; fileRef = 2D3A4EC61F2A052600CA9C10 /* UserPositioninfoCollectionViewCell.swift */; };
		2D4331041F1F274B008C7E65 /* NameCellCollectionViewCell.swift in Sources */ = {isa = PBXBuildFile; fileRef = 2D4331031F1F274B008C7E65 /* NameCellCollectionViewCell.swift */; };
		2D54C2BE1F30975E00EE76AA /* CompanyCollectionViewCell.swift in Sources */ = {isa = PBXBuildFile; fileRef = 2D54C2BD1F30975E00EE76AA /* CompanyCollectionViewCell.swift */; };
		2D646C201F444D3B00AF492F /* RippleLayer.swift in Sources */ = {isa = PBXBuildFile; fileRef = 2D646C1F1F444D3B00AF492F /* RippleLayer.swift */; };
		2D772B701F1E042F00BE6912 /* ProfileViewController.swift in Sources */ = {isa = PBXBuildFile; fileRef = 2D772B6F1F1E042F00BE6912 /* ProfileViewController.swift */; };
		2D7932351F21CEA700E1E61B /* MessageViewController.swift in Sources */ = {isa = PBXBuildFile; fileRef = 2D7932341F21CEA700E1E61B /* MessageViewController.swift */; };
		2D7932381F21D33900E1E61B /* MessageCollectionViewCell.swift in Sources */ = {isa = PBXBuildFile; fileRef = 2D7932371F21D33900E1E61B /* MessageCollectionViewCell.swift */; };
		2D79323A1F21E56A00E1E61B /* ChatScreenViewController.swift in Sources */ = {isa = PBXBuildFile; fileRef = 2D7932391F21E56A00E1E61B /* ChatScreenViewController.swift */; };
		2D9E6E671F25C299001DE91B /* ProfileInfoViewController.swift in Sources */ = {isa = PBXBuildFile; fileRef = 2D9E6E661F25C299001DE91B /* ProfileInfoViewController.swift */; };
		2D9E6E6A1F25D350001DE91B /* PositioninfoCollectionViewCell.swift in Sources */ = {isa = PBXBuildFile; fileRef = 2D9E6E691F25D350001DE91B /* PositioninfoCollectionViewCell.swift */; };
		2DB1F84A1F8660D2002572E2 /* LinksyDemo.xcdatamodeld in Sources */ = {isa = PBXBuildFile; fileRef = 2DB1F8481F8660D2002572E2 /* LinksyDemo.xcdatamodeld */; };
		2DB325C51F839D6900288E9A /* SegueFromLeft.swift in Sources */ = {isa = PBXBuildFile; fileRef = 2DB325C41F839D6900288E9A /* SegueFromLeft.swift */; };
		2DB325C81F839F1C00288E9A /* SegueFromRight.swift in Sources */ = {isa = PBXBuildFile; fileRef = 2DB325C71F839F1C00288E9A /* SegueFromRight.swift */; };
		2DB848E51F20CDA50062C524 /* MatchesViewController.swift in Sources */ = {isa = PBXBuildFile; fileRef = 2DB848E41F20CDA50062C524 /* MatchesViewController.swift */; };
		2DB848E71F20D51A0062C524 /* MatchesCollectionViewCell.swift in Sources */ = {isa = PBXBuildFile; fileRef = 2DB848E61F20D51A0062C524 /* MatchesCollectionViewCell.swift */; };
		2DCA47FF1F4D648800FA88E9 /* ChatOutViewViewController.swift in Sources */ = {isa = PBXBuildFile; fileRef = 2DCA47FE1F4D648800FA88E9 /* ChatOutViewViewController.swift */; };
		2DD695C91F2F062400C81ABE /* TopicsCollectionViewCell.swift in Sources */ = {isa = PBXBuildFile; fileRef = 2DD695C81F2F062400C81ABE /* TopicsCollectionViewCell.swift */; };
		2DDAE3551F16204B00BD9013 /* AppDelegate.swift in Sources */ = {isa = PBXBuildFile; fileRef = 2DDAE3541F16204B00BD9013 /* AppDelegate.swift */; };
		2DDAE3571F16204B00BD9013 /* ViewController.swift in Sources */ = {isa = PBXBuildFile; fileRef = 2DDAE3561F16204B00BD9013 /* ViewController.swift */; };
		2DDAE35A1F16204B00BD9013 /* Main.storyboard in Resources */ = {isa = PBXBuildFile; fileRef = 2DDAE3581F16204B00BD9013 /* Main.storyboard */; };
		2DDAE35C1F16204B00BD9013 /* Assets.xcassets in Resources */ = {isa = PBXBuildFile; fileRef = 2DDAE35B1F16204B00BD9013 /* Assets.xcassets */; };
		2DDAE35F1F16204B00BD9013 /* LaunchScreen.storyboard in Resources */ = {isa = PBXBuildFile; fileRef = 2DDAE35D1F16204B00BD9013 /* LaunchScreen.storyboard */; };
		2DDAE36A1F16204C00BD9013 /* LinksyDemoTests.swift in Sources */ = {isa = PBXBuildFile; fileRef = 2DDAE3691F16204C00BD9013 /* LinksyDemoTests.swift */; };
		2DDAE3751F16204C00BD9013 /* LinksyDemoUITests.swift in Sources */ = {isa = PBXBuildFile; fileRef = 2DDAE3741F16204C00BD9013 /* LinksyDemoUITests.swift */; };
		2DE375781F72562200E8CFA8 /* JHProgressHUD.swift in Sources */ = {isa = PBXBuildFile; fileRef = 2DE375771F72562200E8CFA8 /* JHProgressHUD.swift */; };
		2DFC645E1F18F2D500937F0E /* CardContentView.xib in Resources */ = {isa = PBXBuildFile; fileRef = 2DFC645D1F18F2D500937F0E /* CardContentView.xib */; };
		5B3809DA1DBFEF030464ABD9 /* Pods_LinksyDemoUITests.framework in Frameworks */ = {isa = PBXBuildFile; fileRef = 20E63DA1C8A90E0354AD23C2 /* Pods_LinksyDemoUITests.framework */; };
		6C1DD0DC1F2F9FDA005BD6D8 /* IQNSArray+Sort.m in Sources */ = {isa = PBXBuildFile; fileRef = 6C1DD0BA1F2F9FDA005BD6D8 /* IQNSArray+Sort.m */; };
		6C1DD0DD1F2F9FDA005BD6D8 /* IQUITextFieldView+Additions.m in Sources */ = {isa = PBXBuildFile; fileRef = 6C1DD0BC1F2F9FDA005BD6D8 /* IQUITextFieldView+Additions.m */; };
		6C1DD0DE1F2F9FDA005BD6D8 /* IQUIView+Hierarchy.m in Sources */ = {isa = PBXBuildFile; fileRef = 6C1DD0BE1F2F9FDA005BD6D8 /* IQUIView+Hierarchy.m */; };
		6C1DD0DF1F2F9FDA005BD6D8 /* IQUIViewController+Additions.m in Sources */ = {isa = PBXBuildFile; fileRef = 6C1DD0C01F2F9FDA005BD6D8 /* IQUIViewController+Additions.m */; };
		6C1DD0E01F2F9FDA005BD6D8 /* IQUIWindow+Hierarchy.m in Sources */ = {isa = PBXBuildFile; fileRef = 6C1DD0C21F2F9FDA005BD6D8 /* IQUIWindow+Hierarchy.m */; };
		6C1DD0E11F2F9FDA005BD6D8 /* IQKeyboardManager.m in Sources */ = {isa = PBXBuildFile; fileRef = 6C1DD0C71F2F9FDA005BD6D8 /* IQKeyboardManager.m */; };
		6C1DD0E21F2F9FDA005BD6D8 /* IQKeyboardReturnKeyHandler.m in Sources */ = {isa = PBXBuildFile; fileRef = 6C1DD0C91F2F9FDA005BD6D8 /* IQKeyboardReturnKeyHandler.m */; };
		6C1DD0E31F2F9FDA005BD6D8 /* IQSegmentedNextPrevious.m in Sources */ = {isa = PBXBuildFile; fileRef = 6C1DD0CC1F2F9FDA005BD6D8 /* IQSegmentedNextPrevious.m */; };
		6C1DD0E41F2F9FDA005BD6D8 /* IQTextView.m in Sources */ = {isa = PBXBuildFile; fileRef = 6C1DD0CF1F2F9FDA005BD6D8 /* IQTextView.m */; };
		6C1DD0E51F2F9FDA005BD6D8 /* IQBarButtonItem.m in Sources */ = {isa = PBXBuildFile; fileRef = 6C1DD0D21F2F9FDA005BD6D8 /* IQBarButtonItem.m */; };
		6C1DD0E61F2F9FDA005BD6D8 /* IQTitleBarButtonItem.m in Sources */ = {isa = PBXBuildFile; fileRef = 6C1DD0D41F2F9FDA005BD6D8 /* IQTitleBarButtonItem.m */; };
		6C1DD0E71F2F9FDA005BD6D8 /* IQToolbar.m in Sources */ = {isa = PBXBuildFile; fileRef = 6C1DD0D61F2F9FDA005BD6D8 /* IQToolbar.m */; };
		6C1DD0E81F2F9FDA005BD6D8 /* IQUIView+IQKeyboardToolbar.m in Sources */ = {isa = PBXBuildFile; fileRef = 6C1DD0D81F2F9FDA005BD6D8 /* IQUIView+IQKeyboardToolbar.m */; };
		6C1DD0E91F2F9FDA005BD6D8 /* IQKeyboardManager.bundle in Resources */ = {isa = PBXBuildFile; fileRef = 6C1DD0DB1F2F9FDA005BD6D8 /* IQKeyboardManager.bundle */; };
		84AE6F80E1E016F71916D981 /* Pods_LinksyDemoTests.framework in Frameworks */ = {isa = PBXBuildFile; fileRef = B97D96BFCD38FEC3616A2D60 /* Pods_LinksyDemoTests.framework */; };
		84EB4CDFB6CED514476B631A /* Pods_LinksyDemo.framework in Frameworks */ = {isa = PBXBuildFile; fileRef = AF503B629213950B934C195E /* Pods_LinksyDemo.framework */; };
/* End PBXBuildFile section */

/* Begin PBXContainerItemProxy section */
		2D03BF101F18A6CB00D5E5AD /* PBXContainerItemProxy */ = {
			isa = PBXContainerItemProxy;
			containerPortal = 2D03BF071F18A6CB00D5E5AD /* ZLSwipeableViewSwift.xcodeproj */;
			proxyType = 2;
			remoteGlobalIDString = 460B72511B76D3E600BB5ED8;
			remoteInfo = ZLSwipeableViewSwift;
		};
		2DDAE3661F16204C00BD9013 /* PBXContainerItemProxy */ = {
			isa = PBXContainerItemProxy;
			containerPortal = 2DDAE3491F16204B00BD9013 /* Project object */;
			proxyType = 1;
			remoteGlobalIDString = 2DDAE3501F16204B00BD9013;
			remoteInfo = LinksyDemo;
		};
		2DDAE3711F16204C00BD9013 /* PBXContainerItemProxy */ = {
			isa = PBXContainerItemProxy;
			containerPortal = 2DDAE3491F16204B00BD9013 /* Project object */;
			proxyType = 1;
			remoteGlobalIDString = 2DDAE3501F16204B00BD9013;
			remoteInfo = LinksyDemo;
		};
/* End PBXContainerItemProxy section */

/* Begin PBXFileReference section */
		20E63DA1C8A90E0354AD23C2 /* Pods_LinksyDemoUITests.framework */ = {isa = PBXFileReference; explicitFileType = wrapper.framework; includeInIndex = 0; path = Pods_LinksyDemoUITests.framework; sourceTree = BUILT_PRODUCTS_DIR; };
		2D03BEED1F189A3600D5E5AD /* SwipingViewController.swift */ = {isa = PBXFileReference; fileEncoding = 4; lastKnownFileType = sourcecode.swift; path = SwipingViewController.swift; sourceTree = "<group>"; };
		2D03BF021F18A6CB00D5E5AD /* Direction.swift */ = {isa = PBXFileReference; fileEncoding = 4; lastKnownFileType = sourcecode.swift; path = Direction.swift; sourceTree = "<group>"; };
		2D03BF031F18A6CB00D5E5AD /* Info.plist */ = {isa = PBXFileReference; fileEncoding = 4; lastKnownFileType = text.plist.xml; path = Info.plist; sourceTree = "<group>"; };
		2D03BF041F18A6CB00D5E5AD /* Scheduler.swift */ = {isa = PBXFileReference; fileEncoding = 4; lastKnownFileType = sourcecode.swift; path = Scheduler.swift; sourceTree = "<group>"; };
		2D03BF051F18A6CB00D5E5AD /* ViewManager.swift */ = {isa = PBXFileReference; fileEncoding = 4; lastKnownFileType = sourcecode.swift; path = ViewManager.swift; sourceTree = "<group>"; };
		2D03BF061F18A6CB00D5E5AD /* ZLSwipeableView.swift */ = {isa = PBXFileReference; fileEncoding = 4; lastKnownFileType = sourcecode.swift; path = ZLSwipeableView.swift; sourceTree = "<group>"; };
		2D03BF071F18A6CB00D5E5AD /* ZLSwipeableViewSwift.xcodeproj */ = {isa = PBXFileReference; lastKnownFileType = "wrapper.pb-project"; path = ZLSwipeableViewSwift.xcodeproj; sourceTree = "<group>"; };
		2D03BF121F18BB6E00D5E5AD /* CardView.swift */ = {isa = PBXFileReference; fileEncoding = 4; lastKnownFileType = sourcecode.swift; path = CardView.swift; sourceTree = "<group>"; };
		2D03BF141F18DA2B00D5E5AD /* dummyViewController.swift */ = {isa = PBXFileReference; fileEncoding = 4; lastKnownFileType = sourcecode.swift; path = dummyViewController.swift; sourceTree = "<group>"; };
		2D03BF161F18DA4200D5E5AD /* webviewViewController.swift */ = {isa = PBXFileReference; fileEncoding = 4; lastKnownFileType = sourcecode.swift; path = webviewViewController.swift; sourceTree = "<group>"; };
		2D03BF1A1F18DBAB00D5E5AD /* Align.swift */ = {isa = PBXFileReference; fileEncoding = 4; lastKnownFileType = sourcecode.swift; path = Align.swift; sourceTree = "<group>"; };
		2D03BF1B1F18DBAB00D5E5AD /* Coefficients.swift */ = {isa = PBXFileReference; fileEncoding = 4; lastKnownFileType = sourcecode.swift; path = Coefficients.swift; sourceTree = "<group>"; };
		2D03BF1C1F18DBAB00D5E5AD /* Compound.swift */ = {isa = PBXFileReference; fileEncoding = 4; lastKnownFileType = sourcecode.swift; path = Compound.swift; sourceTree = "<group>"; };
		2D03BF1D1F18DBAC00D5E5AD /* Constrain.swift */ = {isa = PBXFileReference; fileEncoding = 4; lastKnownFileType = sourcecode.swift; path = Constrain.swift; sourceTree = "<group>"; };
		2D03BF1E1F18DBAC00D5E5AD /* Constraint.swift */ = {isa = PBXFileReference; fileEncoding = 4; lastKnownFileType = sourcecode.swift; path = Constraint.swift; sourceTree = "<group>"; };
		2D03BF1F1F18DBAC00D5E5AD /* ConstraintGroup.swift */ = {isa = PBXFileReference; fileEncoding = 4; lastKnownFileType = sourcecode.swift; path = ConstraintGroup.swift; sourceTree = "<group>"; };
		2D03BF201F18DBAC00D5E5AD /* Context.swift */ = {isa = PBXFileReference; fileEncoding = 4; lastKnownFileType = sourcecode.swift; path = Context.swift; sourceTree = "<group>"; };
		2D03BF211F18DBAC00D5E5AD /* Dimension.swift */ = {isa = PBXFileReference; fileEncoding = 4; lastKnownFileType = sourcecode.swift; path = Dimension.swift; sourceTree = "<group>"; };
		2D03BF221F18DBAC00D5E5AD /* Distribute.swift */ = {isa = PBXFileReference; fileEncoding = 4; lastKnownFileType = sourcecode.swift; path = Distribute.swift; sourceTree = "<group>"; };
		2D03BF231F18DBAC00D5E5AD /* Edge.swift */ = {isa = PBXFileReference; fileEncoding = 4; lastKnownFileType = sourcecode.swift; path = Edge.swift; sourceTree = "<group>"; };
		2D03BF241F18DBAC00D5E5AD /* Edges.swift */ = {isa = PBXFileReference; fileEncoding = 4; lastKnownFileType = sourcecode.swift; path = Edges.swift; sourceTree = "<group>"; };
		2D03BF251F18DBAC00D5E5AD /* Expression.swift */ = {isa = PBXFileReference; fileEncoding = 4; lastKnownFileType = sourcecode.swift; path = Expression.swift; sourceTree = "<group>"; };
		2D03BF261F18DBAC00D5E5AD /* Extensions.swift */ = {isa = PBXFileReference; fileEncoding = 4; lastKnownFileType = sourcecode.swift; path = Extensions.swift; sourceTree = "<group>"; };
		2D03BF271F18DBAC00D5E5AD /* LayoutProxy.swift */ = {isa = PBXFileReference; fileEncoding = 4; lastKnownFileType = sourcecode.swift; path = LayoutProxy.swift; sourceTree = "<group>"; };
		2D03BF281F18DBAC00D5E5AD /* LayoutSupport.swift */ = {isa = PBXFileReference; fileEncoding = 4; lastKnownFileType = sourcecode.swift; path = LayoutSupport.swift; sourceTree = "<group>"; };
		2D03BF291F18DBAC00D5E5AD /* Point.swift */ = {isa = PBXFileReference; fileEncoding = 4; lastKnownFileType = sourcecode.swift; path = Point.swift; sourceTree = "<group>"; };
		2D03BF2A1F18DBAC00D5E5AD /* Priority.swift */ = {isa = PBXFileReference; fileEncoding = 4; lastKnownFileType = sourcecode.swift; path = Priority.swift; sourceTree = "<group>"; };
		2D03BF2B1F18DBAC00D5E5AD /* Property.swift */ = {isa = PBXFileReference; fileEncoding = 4; lastKnownFileType = sourcecode.swift; path = Property.swift; sourceTree = "<group>"; };
		2D03BF2C1F18DBAC00D5E5AD /* Size.swift */ = {isa = PBXFileReference; fileEncoding = 4; lastKnownFileType = sourcecode.swift; path = Size.swift; sourceTree = "<group>"; };
		2D03BF2D1F18DBAC00D5E5AD /* View.swift */ = {isa = PBXFileReference; fileEncoding = 4; lastKnownFileType = sourcecode.swift; path = View.swift; sourceTree = "<group>"; };
		2D03BF2E1F18DBAC00D5E5AD /* ViewUtils.swift */ = {isa = PBXFileReference; fileEncoding = 4; lastKnownFileType = sourcecode.swift; path = ViewUtils.swift; sourceTree = "<group>"; };
		2D03BF2F1F18DBAC00D5E5AD /* LICENSE */ = {isa = PBXFileReference; fileEncoding = 4; lastKnownFileType = text; path = LICENSE; sourceTree = "<group>"; };
		2D03BF301F18DBAC00D5E5AD /* README.md */ = {isa = PBXFileReference; fileEncoding = 4; lastKnownFileType = net.daringfireball.markdown; path = README.md; sourceTree = "<group>"; };
		2D03BF321F18DBAC00D5E5AD /* LICENSE */ = {isa = PBXFileReference; fileEncoding = 4; lastKnownFileType = text; path = LICENSE; sourceTree = "<group>"; };
		2D03BF331F18DBAC00D5E5AD /* README.md */ = {isa = PBXFileReference; fileEncoding = 4; lastKnownFileType = net.daringfireball.markdown; path = README.md; sourceTree = "<group>"; };
		2D03BF351F18DBAC00D5E5AD /* UIColor+FlatColors.h */ = {isa = PBXFileReference; fileEncoding = 4; lastKnownFileType = sourcecode.c.h; path = "UIColor+FlatColors.h"; sourceTree = "<group>"; };
		2D03BF361F18DBAC00D5E5AD /* UIColor+FlatColors.m */ = {isa = PBXFileReference; fileEncoding = 4; lastKnownFileType = sourcecode.c.objc; path = "UIColor+FlatColors.m"; sourceTree = "<group>"; };
		2D0BB9691F174BE10031B04F /* SignUpViewController.swift */ = {isa = PBXFileReference; fileEncoding = 4; lastKnownFileType = sourcecode.swift; path = SignUpViewController.swift; sourceTree = "<group>"; };
		2D3A4EC41F29EC2800CA9C10 /* UserProfileInfoViewController.swift */ = {isa = PBXFileReference; fileEncoding = 4; lastKnownFileType = sourcecode.swift; path = UserProfileInfoViewController.swift; sourceTree = "<group>"; };
		2D3A4EC61F2A052600CA9C10 /* UserPositioninfoCollectionViewCell.swift */ = {isa = PBXFileReference; fileEncoding = 4; lastKnownFileType = sourcecode.swift; path = UserPositioninfoCollectionViewCell.swift; sourceTree = "<group>"; };
		2D4331031F1F274B008C7E65 /* NameCellCollectionViewCell.swift */ = {isa = PBXFileReference; fileEncoding = 4; lastKnownFileType = sourcecode.swift; path = NameCellCollectionViewCell.swift; sourceTree = "<group>"; };
		2D54C2BD1F30975E00EE76AA /* CompanyCollectionViewCell.swift */ = {isa = PBXFileReference; fileEncoding = 4; lastKnownFileType = sourcecode.swift; path = CompanyCollectionViewCell.swift; sourceTree = "<group>"; };
		2D646C1F1F444D3B00AF492F /* RippleLayer.swift */ = {isa = PBXFileReference; fileEncoding = 4; lastKnownFileType = sourcecode.swift; path = RippleLayer.swift; sourceTree = "<group>"; };
		2D772B6F1F1E042F00BE6912 /* ProfileViewController.swift */ = {isa = PBXFileReference; fileEncoding = 4; lastKnownFileType = sourcecode.swift; path = ProfileViewController.swift; sourceTree = "<group>"; };
		2D7932341F21CEA700E1E61B /* MessageViewController.swift */ = {isa = PBXFileReference; fileEncoding = 4; lastKnownFileType = sourcecode.swift; path = MessageViewController.swift; sourceTree = "<group>"; };
		2D7932371F21D33900E1E61B /* MessageCollectionViewCell.swift */ = {isa = PBXFileReference; fileEncoding = 4; lastKnownFileType = sourcecode.swift; path = MessageCollectionViewCell.swift; sourceTree = "<group>"; };
		2D7932391F21E56A00E1E61B /* ChatScreenViewController.swift */ = {isa = PBXFileReference; fileEncoding = 4; lastKnownFileType = sourcecode.swift; path = ChatScreenViewController.swift; sourceTree = "<group>"; };
		2D9E6E661F25C299001DE91B /* ProfileInfoViewController.swift */ = {isa = PBXFileReference; fileEncoding = 4; lastKnownFileType = sourcecode.swift; path = ProfileInfoViewController.swift; sourceTree = "<group>"; };
		2D9E6E691F25D350001DE91B /* PositioninfoCollectionViewCell.swift */ = {isa = PBXFileReference; fileEncoding = 4; lastKnownFileType = sourcecode.swift; path = PositioninfoCollectionViewCell.swift; sourceTree = "<group>"; };
		2DB1F8491F8660D2002572E2 /* LinksyDemo.xcdatamodel */ = {isa = PBXFileReference; lastKnownFileType = wrapper.xcdatamodel; path = LinksyDemo.xcdatamodel; sourceTree = "<group>"; };
		2DB325C41F839D6900288E9A /* SegueFromLeft.swift */ = {isa = PBXFileReference; lastKnownFileType = sourcecode.swift; path = SegueFromLeft.swift; sourceTree = "<group>"; };
		2DB325C71F839F1C00288E9A /* SegueFromRight.swift */ = {isa = PBXFileReference; lastKnownFileType = sourcecode.swift; path = SegueFromRight.swift; sourceTree = "<group>"; };
		2DB848E41F20CDA50062C524 /* MatchesViewController.swift */ = {isa = PBXFileReference; fileEncoding = 4; lastKnownFileType = sourcecode.swift; path = MatchesViewController.swift; sourceTree = "<group>"; };
		2DB848E61F20D51A0062C524 /* MatchesCollectionViewCell.swift */ = {isa = PBXFileReference; fileEncoding = 4; lastKnownFileType = sourcecode.swift; path = MatchesCollectionViewCell.swift; sourceTree = "<group>"; };
		2DCA47FE1F4D648800FA88E9 /* ChatOutViewViewController.swift */ = {isa = PBXFileReference; fileEncoding = 4; lastKnownFileType = sourcecode.swift; path = ChatOutViewViewController.swift; sourceTree = "<group>"; };
		2DD695C81F2F062400C81ABE /* TopicsCollectionViewCell.swift */ = {isa = PBXFileReference; fileEncoding = 4; lastKnownFileType = sourcecode.swift; path = TopicsCollectionViewCell.swift; sourceTree = "<group>"; };
		2DDAE3511F16204B00BD9013 /* Linksy.app */ = {isa = PBXFileReference; explicitFileType = wrapper.application; includeInIndex = 0; path = Linksy.app; sourceTree = BUILT_PRODUCTS_DIR; };
		2DDAE3541F16204B00BD9013 /* AppDelegate.swift */ = {isa = PBXFileReference; lastKnownFileType = sourcecode.swift; path = AppDelegate.swift; sourceTree = "<group>"; };
		2DDAE3561F16204B00BD9013 /* ViewController.swift */ = {isa = PBXFileReference; lastKnownFileType = sourcecode.swift; path = ViewController.swift; sourceTree = "<group>"; };
		2DDAE3591F16204B00BD9013 /* Base */ = {isa = PBXFileReference; lastKnownFileType = file.storyboard; name = Base; path = Base.lproj/Main.storyboard; sourceTree = "<group>"; };
		2DDAE35B1F16204B00BD9013 /* Assets.xcassets */ = {isa = PBXFileReference; lastKnownFileType = folder.assetcatalog; path = Assets.xcassets; sourceTree = "<group>"; };
		2DDAE35E1F16204B00BD9013 /* Base */ = {isa = PBXFileReference; lastKnownFileType = file.storyboard; name = Base; path = Base.lproj/LaunchScreen.storyboard; sourceTree = "<group>"; };
		2DDAE3601F16204B00BD9013 /* Info.plist */ = {isa = PBXFileReference; lastKnownFileType = text.plist.xml; path = Info.plist; sourceTree = "<group>"; };
		2DDAE3651F16204C00BD9013 /* LinksyDemoTests.xctest */ = {isa = PBXFileReference; explicitFileType = wrapper.cfbundle; includeInIndex = 0; path = LinksyDemoTests.xctest; sourceTree = BUILT_PRODUCTS_DIR; };
		2DDAE3691F16204C00BD9013 /* LinksyDemoTests.swift */ = {isa = PBXFileReference; lastKnownFileType = sourcecode.swift; path = LinksyDemoTests.swift; sourceTree = "<group>"; };
		2DDAE36B1F16204C00BD9013 /* Info.plist */ = {isa = PBXFileReference; lastKnownFileType = text.plist.xml; path = Info.plist; sourceTree = "<group>"; };
		2DDAE3701F16204C00BD9013 /* LinksyDemoUITests.xctest */ = {isa = PBXFileReference; explicitFileType = wrapper.cfbundle; includeInIndex = 0; path = LinksyDemoUITests.xctest; sourceTree = BUILT_PRODUCTS_DIR; };
		2DDAE3741F16204C00BD9013 /* LinksyDemoUITests.swift */ = {isa = PBXFileReference; lastKnownFileType = sourcecode.swift; path = LinksyDemoUITests.swift; sourceTree = "<group>"; };
		2DDAE3761F16204C00BD9013 /* Info.plist */ = {isa = PBXFileReference; lastKnownFileType = text.plist.xml; path = Info.plist; sourceTree = "<group>"; };
		2DE375771F72562200E8CFA8 /* JHProgressHUD.swift */ = {isa = PBXFileReference; fileEncoding = 4; lastKnownFileType = sourcecode.swift; path = JHProgressHUD.swift; sourceTree = "<group>"; };
		2DF008571F5D35830098440C /* LinksyDemo.entitlements */ = {isa = PBXFileReference; lastKnownFileType = text.plist.entitlements; path = LinksyDemo.entitlements; sourceTree = "<group>"; };
		2DFC645D1F18F2D500937F0E /* CardContentView.xib */ = {isa = PBXFileReference; fileEncoding = 4; lastKnownFileType = file.xib; path = CardContentView.xib; sourceTree = "<group>"; };
		4F446DA56550A6A1FDFDB67B /* Pods-LinksyDemo.debug.xcconfig */ = {isa = PBXFileReference; includeInIndex = 1; lastKnownFileType = text.xcconfig; name = "Pods-LinksyDemo.debug.xcconfig"; path = "Pods/Target Support Files/Pods-LinksyDemo/Pods-LinksyDemo.debug.xcconfig"; sourceTree = "<group>"; };
		550DC85FAE2F953DA1844C1F /* Pods-LinksyDemo.release.xcconfig */ = {isa = PBXFileReference; includeInIndex = 1; lastKnownFileType = text.xcconfig; name = "Pods-LinksyDemo.release.xcconfig"; path = "Pods/Target Support Files/Pods-LinksyDemo/Pods-LinksyDemo.release.xcconfig"; sourceTree = "<group>"; };
		5D5E386740A2FF72D28D38C6 /* Pods-LinksyDemoTests.debug.xcconfig */ = {isa = PBXFileReference; includeInIndex = 1; lastKnownFileType = text.xcconfig; name = "Pods-LinksyDemoTests.debug.xcconfig"; path = "Pods/Target Support Files/Pods-LinksyDemoTests/Pods-LinksyDemoTests.debug.xcconfig"; sourceTree = "<group>"; };
		6C1DD0B91F2F9FDA005BD6D8 /* IQNSArray+Sort.h */ = {isa = PBXFileReference; fileEncoding = 4; lastKnownFileType = sourcecode.c.h; path = "IQNSArray+Sort.h"; sourceTree = "<group>"; };
		6C1DD0BA1F2F9FDA005BD6D8 /* IQNSArray+Sort.m */ = {isa = PBXFileReference; fileEncoding = 4; lastKnownFileType = sourcecode.c.objc; path = "IQNSArray+Sort.m"; sourceTree = "<group>"; };
		6C1DD0BB1F2F9FDA005BD6D8 /* IQUITextFieldView+Additions.h */ = {isa = PBXFileReference; fileEncoding = 4; lastKnownFileType = sourcecode.c.h; path = "IQUITextFieldView+Additions.h"; sourceTree = "<group>"; };
		6C1DD0BC1F2F9FDA005BD6D8 /* IQUITextFieldView+Additions.m */ = {isa = PBXFileReference; fileEncoding = 4; lastKnownFileType = sourcecode.c.objc; path = "IQUITextFieldView+Additions.m"; sourceTree = "<group>"; };
		6C1DD0BD1F2F9FDA005BD6D8 /* IQUIView+Hierarchy.h */ = {isa = PBXFileReference; fileEncoding = 4; lastKnownFileType = sourcecode.c.h; path = "IQUIView+Hierarchy.h"; sourceTree = "<group>"; };
		6C1DD0BE1F2F9FDA005BD6D8 /* IQUIView+Hierarchy.m */ = {isa = PBXFileReference; fileEncoding = 4; lastKnownFileType = sourcecode.c.objc; path = "IQUIView+Hierarchy.m"; sourceTree = "<group>"; };
		6C1DD0BF1F2F9FDA005BD6D8 /* IQUIViewController+Additions.h */ = {isa = PBXFileReference; fileEncoding = 4; lastKnownFileType = sourcecode.c.h; path = "IQUIViewController+Additions.h"; sourceTree = "<group>"; };
		6C1DD0C01F2F9FDA005BD6D8 /* IQUIViewController+Additions.m */ = {isa = PBXFileReference; fileEncoding = 4; lastKnownFileType = sourcecode.c.objc; path = "IQUIViewController+Additions.m"; sourceTree = "<group>"; };
		6C1DD0C11F2F9FDA005BD6D8 /* IQUIWindow+Hierarchy.h */ = {isa = PBXFileReference; fileEncoding = 4; lastKnownFileType = sourcecode.c.h; path = "IQUIWindow+Hierarchy.h"; sourceTree = "<group>"; };
		6C1DD0C21F2F9FDA005BD6D8 /* IQUIWindow+Hierarchy.m */ = {isa = PBXFileReference; fileEncoding = 4; lastKnownFileType = sourcecode.c.objc; path = "IQUIWindow+Hierarchy.m"; sourceTree = "<group>"; };
		6C1DD0C41F2F9FDA005BD6D8 /* IQKeyboardManagerConstants.h */ = {isa = PBXFileReference; fileEncoding = 4; lastKnownFileType = sourcecode.c.h; path = IQKeyboardManagerConstants.h; sourceTree = "<group>"; };
		6C1DD0C51F2F9FDA005BD6D8 /* IQKeyboardManagerConstantsInternal.h */ = {isa = PBXFileReference; fileEncoding = 4; lastKnownFileType = sourcecode.c.h; path = IQKeyboardManagerConstantsInternal.h; sourceTree = "<group>"; };
		6C1DD0C61F2F9FDA005BD6D8 /* IQKeyboardManager.h */ = {isa = PBXFileReference; fileEncoding = 4; lastKnownFileType = sourcecode.c.h; path = IQKeyboardManager.h; sourceTree = "<group>"; };
		6C1DD0C71F2F9FDA005BD6D8 /* IQKeyboardManager.m */ = {isa = PBXFileReference; fileEncoding = 4; lastKnownFileType = sourcecode.c.objc; path = IQKeyboardManager.m; sourceTree = "<group>"; };
		6C1DD0C81F2F9FDA005BD6D8 /* IQKeyboardReturnKeyHandler.h */ = {isa = PBXFileReference; fileEncoding = 4; lastKnownFileType = sourcecode.c.h; path = IQKeyboardReturnKeyHandler.h; sourceTree = "<group>"; };
		6C1DD0C91F2F9FDA005BD6D8 /* IQKeyboardReturnKeyHandler.m */ = {isa = PBXFileReference; fileEncoding = 4; lastKnownFileType = sourcecode.c.objc; path = IQKeyboardReturnKeyHandler.m; sourceTree = "<group>"; };
		6C1DD0CB1F2F9FDA005BD6D8 /* IQSegmentedNextPrevious.h */ = {isa = PBXFileReference; fileEncoding = 4; lastKnownFileType = sourcecode.c.h; path = IQSegmentedNextPrevious.h; sourceTree = "<group>"; };
		6C1DD0CC1F2F9FDA005BD6D8 /* IQSegmentedNextPrevious.m */ = {isa = PBXFileReference; fileEncoding = 4; lastKnownFileType = sourcecode.c.objc; path = IQSegmentedNextPrevious.m; sourceTree = "<group>"; };
		6C1DD0CE1F2F9FDA005BD6D8 /* IQTextView.h */ = {isa = PBXFileReference; fileEncoding = 4; lastKnownFileType = sourcecode.c.h; path = IQTextView.h; sourceTree = "<group>"; };
		6C1DD0CF1F2F9FDA005BD6D8 /* IQTextView.m */ = {isa = PBXFileReference; fileEncoding = 4; lastKnownFileType = sourcecode.c.objc; path = IQTextView.m; sourceTree = "<group>"; };
		6C1DD0D11F2F9FDA005BD6D8 /* IQBarButtonItem.h */ = {isa = PBXFileReference; fileEncoding = 4; lastKnownFileType = sourcecode.c.h; path = IQBarButtonItem.h; sourceTree = "<group>"; };
		6C1DD0D21F2F9FDA005BD6D8 /* IQBarButtonItem.m */ = {isa = PBXFileReference; fileEncoding = 4; lastKnownFileType = sourcecode.c.objc; path = IQBarButtonItem.m; sourceTree = "<group>"; };
		6C1DD0D31F2F9FDA005BD6D8 /* IQTitleBarButtonItem.h */ = {isa = PBXFileReference; fileEncoding = 4; lastKnownFileType = sourcecode.c.h; path = IQTitleBarButtonItem.h; sourceTree = "<group>"; };
		6C1DD0D41F2F9FDA005BD6D8 /* IQTitleBarButtonItem.m */ = {isa = PBXFileReference; fileEncoding = 4; lastKnownFileType = sourcecode.c.objc; path = IQTitleBarButtonItem.m; sourceTree = "<group>"; };
		6C1DD0D51F2F9FDA005BD6D8 /* IQToolbar.h */ = {isa = PBXFileReference; fileEncoding = 4; lastKnownFileType = sourcecode.c.h; path = IQToolbar.h; sourceTree = "<group>"; };
		6C1DD0D61F2F9FDA005BD6D8 /* IQToolbar.m */ = {isa = PBXFileReference; fileEncoding = 4; lastKnownFileType = sourcecode.c.objc; path = IQToolbar.m; sourceTree = "<group>"; };
		6C1DD0D71F2F9FDA005BD6D8 /* IQUIView+IQKeyboardToolbar.h */ = {isa = PBXFileReference; fileEncoding = 4; lastKnownFileType = sourcecode.c.h; path = "IQUIView+IQKeyboardToolbar.h"; sourceTree = "<group>"; };
		6C1DD0D81F2F9FDA005BD6D8 /* IQUIView+IQKeyboardToolbar.m */ = {isa = PBXFileReference; fileEncoding = 4; lastKnownFileType = sourcecode.c.objc; path = "IQUIView+IQKeyboardToolbar.m"; sourceTree = "<group>"; };
		6C1DD0D91F2F9FDA005BD6D8 /* KeyboardManager.h */ = {isa = PBXFileReference; fileEncoding = 4; lastKnownFileType = sourcecode.c.h; path = KeyboardManager.h; sourceTree = "<group>"; };
		6C1DD0DB1F2F9FDA005BD6D8 /* IQKeyboardManager.bundle */ = {isa = PBXFileReference; lastKnownFileType = "wrapper.plug-in"; path = IQKeyboardManager.bundle; sourceTree = "<group>"; };
		7B65178C8AF175CD53C39AE8 /* Pods-LinksyDemoUITests.release.xcconfig */ = {isa = PBXFileReference; includeInIndex = 1; lastKnownFileType = text.xcconfig; name = "Pods-LinksyDemoUITests.release.xcconfig"; path = "Pods/Target Support Files/Pods-LinksyDemoUITests/Pods-LinksyDemoUITests.release.xcconfig"; sourceTree = "<group>"; };
		95ADE819D8E1A7F30A831B0A /* Pods-LinksyDemoTests.release.xcconfig */ = {isa = PBXFileReference; includeInIndex = 1; lastKnownFileType = text.xcconfig; name = "Pods-LinksyDemoTests.release.xcconfig"; path = "Pods/Target Support Files/Pods-LinksyDemoTests/Pods-LinksyDemoTests.release.xcconfig"; sourceTree = "<group>"; };
		AE0ABF97C10C5B9CC5E35650 /* Pods-LinksyDemoUITests.debug.xcconfig */ = {isa = PBXFileReference; includeInIndex = 1; lastKnownFileType = text.xcconfig; name = "Pods-LinksyDemoUITests.debug.xcconfig"; path = "Pods/Target Support Files/Pods-LinksyDemoUITests/Pods-LinksyDemoUITests.debug.xcconfig"; sourceTree = "<group>"; };
		AF503B629213950B934C195E /* Pods_LinksyDemo.framework */ = {isa = PBXFileReference; explicitFileType = wrapper.framework; includeInIndex = 0; path = Pods_LinksyDemo.framework; sourceTree = BUILT_PRODUCTS_DIR; };
		B97D96BFCD38FEC3616A2D60 /* Pods_LinksyDemoTests.framework */ = {isa = PBXFileReference; explicitFileType = wrapper.framework; includeInIndex = 0; path = Pods_LinksyDemoTests.framework; sourceTree = BUILT_PRODUCTS_DIR; };
/* End PBXFileReference section */

/* Begin PBXFrameworksBuildPhase section */
		2DDAE34E1F16204B00BD9013 /* Frameworks */ = {
			isa = PBXFrameworksBuildPhase;
			buildActionMask = 2147483647;
			files = (
				84EB4CDFB6CED514476B631A /* Pods_LinksyDemo.framework in Frameworks */,
			);
			runOnlyForDeploymentPostprocessing = 0;
		};
		2DDAE3621F16204C00BD9013 /* Frameworks */ = {
			isa = PBXFrameworksBuildPhase;
			buildActionMask = 2147483647;
			files = (
				84AE6F80E1E016F71916D981 /* Pods_LinksyDemoTests.framework in Frameworks */,
			);
			runOnlyForDeploymentPostprocessing = 0;
		};
		2DDAE36D1F16204C00BD9013 /* Frameworks */ = {
			isa = PBXFrameworksBuildPhase;
			buildActionMask = 2147483647;
			files = (
				5B3809DA1DBFEF030464ABD9 /* Pods_LinksyDemoUITests.framework in Frameworks */,
			);
			runOnlyForDeploymentPostprocessing = 0;
		};
/* End PBXFrameworksBuildPhase section */

/* Begin PBXGroup section */
		0CD6AE290BF0E3B63747E3C4 /* Pods */ = {
			isa = PBXGroup;
			children = (
				4F446DA56550A6A1FDFDB67B /* Pods-LinksyDemo.debug.xcconfig */,
				550DC85FAE2F953DA1844C1F /* Pods-LinksyDemo.release.xcconfig */,
				5D5E386740A2FF72D28D38C6 /* Pods-LinksyDemoTests.debug.xcconfig */,
				95ADE819D8E1A7F30A831B0A /* Pods-LinksyDemoTests.release.xcconfig */,
				AE0ABF97C10C5B9CC5E35650 /* Pods-LinksyDemoUITests.debug.xcconfig */,
				7B65178C8AF175CD53C39AE8 /* Pods-LinksyDemoUITests.release.xcconfig */,
			);
			name = Pods;
			sourceTree = "<group>";
		};
		2D03BEEF1F18A64600D5E5AD /* libraries */ = {
			isa = PBXGroup;
			children = (
				2D646C1F1F444D3B00AF492F /* RippleLayer.swift */,
				6C1DD0B71F2F9FDA005BD6D8 /* IQKeyBoardManager */,
				2DFC645D1F18F2D500937F0E /* CardContentView.xib */,
				2D03BF181F18DBAB00D5E5AD /* Cartography */,
				2D03BF311F18DBAC00D5E5AD /* UIColor+FlatColors */,
				2D03BF011F18A6CB00D5E5AD /* ZLSwipeableViewSwift */,
			);
			path = libraries;
			sourceTree = "<group>";
		};
		2D03BF011F18A6CB00D5E5AD /* ZLSwipeableViewSwift */ = {
			isa = PBXGroup;
			children = (
				2D03BF121F18BB6E00D5E5AD /* CardView.swift */,
				2D03BF021F18A6CB00D5E5AD /* Direction.swift */,
				2D03BF031F18A6CB00D5E5AD /* Info.plist */,
				2D03BF041F18A6CB00D5E5AD /* Scheduler.swift */,
				2D03BF051F18A6CB00D5E5AD /* ViewManager.swift */,
				2D03BF061F18A6CB00D5E5AD /* ZLSwipeableView.swift */,
				2D03BF071F18A6CB00D5E5AD /* ZLSwipeableViewSwift.xcodeproj */,
			);
			path = ZLSwipeableViewSwift;
			sourceTree = "<group>";
		};
		2D03BF081F18A6CB00D5E5AD /* Products */ = {
			isa = PBXGroup;
			children = (
				2D03BF111F18A6CB00D5E5AD /* ZLSwipeableViewSwift.framework */,
			);
			name = Products;
			sourceTree = "<group>";
		};
		2D03BF181F18DBAB00D5E5AD /* Cartography */ = {
			isa = PBXGroup;
			children = (
				2D03BF191F18DBAB00D5E5AD /* Cartography */,
				2D03BF2F1F18DBAC00D5E5AD /* LICENSE */,
				2D03BF301F18DBAC00D5E5AD /* README.md */,
			);
			path = Cartography;
			sourceTree = "<group>";
		};
		2D03BF191F18DBAB00D5E5AD /* Cartography */ = {
			isa = PBXGroup;
			children = (
				2D03BF1A1F18DBAB00D5E5AD /* Align.swift */,
				2D03BF1B1F18DBAB00D5E5AD /* Coefficients.swift */,
				2D03BF1C1F18DBAB00D5E5AD /* Compound.swift */,
				2D03BF1D1F18DBAC00D5E5AD /* Constrain.swift */,
				2D03BF1E1F18DBAC00D5E5AD /* Constraint.swift */,
				2D03BF1F1F18DBAC00D5E5AD /* ConstraintGroup.swift */,
				2D03BF201F18DBAC00D5E5AD /* Context.swift */,
				2D03BF211F18DBAC00D5E5AD /* Dimension.swift */,
				2D03BF221F18DBAC00D5E5AD /* Distribute.swift */,
				2D03BF231F18DBAC00D5E5AD /* Edge.swift */,
				2D03BF241F18DBAC00D5E5AD /* Edges.swift */,
				2D03BF251F18DBAC00D5E5AD /* Expression.swift */,
				2D03BF261F18DBAC00D5E5AD /* Extensions.swift */,
				2D03BF271F18DBAC00D5E5AD /* LayoutProxy.swift */,
				2D03BF281F18DBAC00D5E5AD /* LayoutSupport.swift */,
				2D03BF291F18DBAC00D5E5AD /* Point.swift */,
				2D03BF2A1F18DBAC00D5E5AD /* Priority.swift */,
				2D03BF2B1F18DBAC00D5E5AD /* Property.swift */,
				2D03BF2C1F18DBAC00D5E5AD /* Size.swift */,
				2D03BF2D1F18DBAC00D5E5AD /* View.swift */,
				2D03BF2E1F18DBAC00D5E5AD /* ViewUtils.swift */,
			);
			path = Cartography;
			sourceTree = "<group>";
		};
		2D03BF311F18DBAC00D5E5AD /* UIColor+FlatColors */ = {
			isa = PBXGroup;
			children = (
				2D03BF331F18DBAC00D5E5AD /* README.md */,
				2D03BF321F18DBAC00D5E5AD /* LICENSE */,
				2D03BF341F18DBAC00D5E5AD /* UIColor+FlatColors */,
			);
			path = "UIColor+FlatColors";
			sourceTree = "<group>";
		};
		2D03BF341F18DBAC00D5E5AD /* UIColor+FlatColors */ = {
			isa = PBXGroup;
			children = (
				2D03BF351F18DBAC00D5E5AD /* UIColor+FlatColors.h */,
				2D03BF361F18DBAC00D5E5AD /* UIColor+FlatColors.m */,
			);
			path = "UIColor+FlatColors";
			sourceTree = "<group>";
		};
		2DDAE3481F16204B00BD9013 = {
			isa = PBXGroup;
			children = (
				2DDAE3531F16204B00BD9013 /* LinksyDemo */,
				2DDAE3681F16204C00BD9013 /* LinksyDemoTests */,
				2DDAE3731F16204C00BD9013 /* LinksyDemoUITests */,
				2DDAE3521F16204B00BD9013 /* Products */,
				0CD6AE290BF0E3B63747E3C4 /* Pods */,
				7A070AE401C517DDB395D5DE /* Frameworks */,
			);
			sourceTree = "<group>";
		};
		2DDAE3521F16204B00BD9013 /* Products */ = {
			isa = PBXGroup;
			children = (
				2DDAE3511F16204B00BD9013 /* Linksy.app */,
				2DDAE3651F16204C00BD9013 /* LinksyDemoTests.xctest */,
				2DDAE3701F16204C00BD9013 /* LinksyDemoUITests.xctest */,
			);
			name = Products;
			sourceTree = "<group>";
		};
		2DDAE3531F16204B00BD9013 /* LinksyDemo */ = {
			isa = PBXGroup;
			children = (
				2DF008571F5D35830098440C /* LinksyDemo.entitlements */,
				2DB1F8481F8660D2002572E2 /* LinksyDemo.xcdatamodeld */,
				2D03BEEF1F18A64600D5E5AD /* libraries */,
				2DDAE3541F16204B00BD9013 /* AppDelegate.swift */,
				2DDAE3561F16204B00BD9013 /* ViewController.swift */,
				2DDAE3581F16204B00BD9013 /* Main.storyboard */,
				2DB325C41F839D6900288E9A /* SegueFromLeft.swift */,
				2DB325C71F839F1C00288E9A /* SegueFromRight.swift */,
				2DDAE35B1F16204B00BD9013 /* Assets.xcassets */,
				2DDAE35D1F16204B00BD9013 /* LaunchScreen.storyboard */,
				2DDAE3601F16204B00BD9013 /* Info.plist */,
				2D0BB9691F174BE10031B04F /* SignUpViewController.swift */,
				2D03BEED1F189A3600D5E5AD /* SwipingViewController.swift */,
				2D03BF141F18DA2B00D5E5AD /* dummyViewController.swift */,
				2D03BF161F18DA4200D5E5AD /* webviewViewController.swift */,
				2D772B6F1F1E042F00BE6912 /* ProfileViewController.swift */,
				2D4331031F1F274B008C7E65 /* NameCellCollectionViewCell.swift */,
				2DB848E41F20CDA50062C524 /* MatchesViewController.swift */,
				2DB848E61F20D51A0062C524 /* MatchesCollectionViewCell.swift */,
				2D7932341F21CEA700E1E61B /* MessageViewController.swift */,
				2D7932371F21D33900E1E61B /* MessageCollectionViewCell.swift */,
				2D7932391F21E56A00E1E61B /* ChatScreenViewController.swift */,
				2D9E6E661F25C299001DE91B /* ProfileInfoViewController.swift */,
				2D9E6E691F25D350001DE91B /* PositioninfoCollectionViewCell.swift */,
				2D3A4EC41F29EC2800CA9C10 /* UserProfileInfoViewController.swift */,
				2D3A4EC61F2A052600CA9C10 /* UserPositioninfoCollectionViewCell.swift */,
				2DD695C81F2F062400C81ABE /* TopicsCollectionViewCell.swift */,
				2D54C2BD1F30975E00EE76AA /* CompanyCollectionViewCell.swift */,
				2DCA47FE1F4D648800FA88E9 /* ChatOutViewViewController.swift */,
				2DE375771F72562200E8CFA8 /* JHProgressHUD.swift */,
			);
			path = LinksyDemo;
			sourceTree = "<group>";
		};
		2DDAE3681F16204C00BD9013 /* LinksyDemoTests */ = {
			isa = PBXGroup;
			children = (
				2DDAE3691F16204C00BD9013 /* LinksyDemoTests.swift */,
				2DDAE36B1F16204C00BD9013 /* Info.plist */,
			);
			path = LinksyDemoTests;
			sourceTree = "<group>";
		};
		2DDAE3731F16204C00BD9013 /* LinksyDemoUITests */ = {
			isa = PBXGroup;
			children = (
				2DDAE3741F16204C00BD9013 /* LinksyDemoUITests.swift */,
				2DDAE3761F16204C00BD9013 /* Info.plist */,
			);
			path = LinksyDemoUITests;
			sourceTree = "<group>";
		};
		6C1DD0B71F2F9FDA005BD6D8 /* IQKeyBoardManager */ = {
			isa = PBXGroup;
			children = (
				6C1DD0B81F2F9FDA005BD6D8 /* Categories */,
				6C1DD0C31F2F9FDA005BD6D8 /* Constants */,
				6C1DD0C61F2F9FDA005BD6D8 /* IQKeyboardManager.h */,
				6C1DD0C71F2F9FDA005BD6D8 /* IQKeyboardManager.m */,
				6C1DD0C81F2F9FDA005BD6D8 /* IQKeyboardReturnKeyHandler.h */,
				6C1DD0C91F2F9FDA005BD6D8 /* IQKeyboardReturnKeyHandler.m */,
				6C1DD0CA1F2F9FDA005BD6D8 /* IQSegmentedNextPrevious */,
				6C1DD0CD1F2F9FDA005BD6D8 /* IQTextView */,
				6C1DD0D01F2F9FDA005BD6D8 /* IQToolbar */,
				6C1DD0D91F2F9FDA005BD6D8 /* KeyboardManager.h */,
				6C1DD0DA1F2F9FDA005BD6D8 /* Resources */,
			);
			path = IQKeyBoardManager;
			sourceTree = "<group>";
		};
		6C1DD0B81F2F9FDA005BD6D8 /* Categories */ = {
			isa = PBXGroup;
			children = (
				6C1DD0B91F2F9FDA005BD6D8 /* IQNSArray+Sort.h */,
				6C1DD0BA1F2F9FDA005BD6D8 /* IQNSArray+Sort.m */,
				6C1DD0BB1F2F9FDA005BD6D8 /* IQUITextFieldView+Additions.h */,
				6C1DD0BC1F2F9FDA005BD6D8 /* IQUITextFieldView+Additions.m */,
				6C1DD0BD1F2F9FDA005BD6D8 /* IQUIView+Hierarchy.h */,
				6C1DD0BE1F2F9FDA005BD6D8 /* IQUIView+Hierarchy.m */,
				6C1DD0BF1F2F9FDA005BD6D8 /* IQUIViewController+Additions.h */,
				6C1DD0C01F2F9FDA005BD6D8 /* IQUIViewController+Additions.m */,
				6C1DD0C11F2F9FDA005BD6D8 /* IQUIWindow+Hierarchy.h */,
				6C1DD0C21F2F9FDA005BD6D8 /* IQUIWindow+Hierarchy.m */,
			);
			path = Categories;
			sourceTree = "<group>";
		};
		6C1DD0C31F2F9FDA005BD6D8 /* Constants */ = {
			isa = PBXGroup;
			children = (
				6C1DD0C41F2F9FDA005BD6D8 /* IQKeyboardManagerConstants.h */,
				6C1DD0C51F2F9FDA005BD6D8 /* IQKeyboardManagerConstantsInternal.h */,
			);
			path = Constants;
			sourceTree = "<group>";
		};
		6C1DD0CA1F2F9FDA005BD6D8 /* IQSegmentedNextPrevious */ = {
			isa = PBXGroup;
			children = (
				6C1DD0CB1F2F9FDA005BD6D8 /* IQSegmentedNextPrevious.h */,
				6C1DD0CC1F2F9FDA005BD6D8 /* IQSegmentedNextPrevious.m */,
			);
			path = IQSegmentedNextPrevious;
			sourceTree = "<group>";
		};
		6C1DD0CD1F2F9FDA005BD6D8 /* IQTextView */ = {
			isa = PBXGroup;
			children = (
				6C1DD0CE1F2F9FDA005BD6D8 /* IQTextView.h */,
				6C1DD0CF1F2F9FDA005BD6D8 /* IQTextView.m */,
			);
			path = IQTextView;
			sourceTree = "<group>";
		};
		6C1DD0D01F2F9FDA005BD6D8 /* IQToolbar */ = {
			isa = PBXGroup;
			children = (
				6C1DD0D11F2F9FDA005BD6D8 /* IQBarButtonItem.h */,
				6C1DD0D21F2F9FDA005BD6D8 /* IQBarButtonItem.m */,
				6C1DD0D31F2F9FDA005BD6D8 /* IQTitleBarButtonItem.h */,
				6C1DD0D41F2F9FDA005BD6D8 /* IQTitleBarButtonItem.m */,
				6C1DD0D51F2F9FDA005BD6D8 /* IQToolbar.h */,
				6C1DD0D61F2F9FDA005BD6D8 /* IQToolbar.m */,
				6C1DD0D71F2F9FDA005BD6D8 /* IQUIView+IQKeyboardToolbar.h */,
				6C1DD0D81F2F9FDA005BD6D8 /* IQUIView+IQKeyboardToolbar.m */,
			);
			path = IQToolbar;
			sourceTree = "<group>";
		};
		6C1DD0DA1F2F9FDA005BD6D8 /* Resources */ = {
			isa = PBXGroup;
			children = (
				6C1DD0DB1F2F9FDA005BD6D8 /* IQKeyboardManager.bundle */,
			);
			path = Resources;
			sourceTree = "<group>";
		};
		7A070AE401C517DDB395D5DE /* Frameworks */ = {
			isa = PBXGroup;
			children = (
				AF503B629213950B934C195E /* Pods_LinksyDemo.framework */,
				B97D96BFCD38FEC3616A2D60 /* Pods_LinksyDemoTests.framework */,
				20E63DA1C8A90E0354AD23C2 /* Pods_LinksyDemoUITests.framework */,
			);
			name = Frameworks;
			sourceTree = "<group>";
		};
/* End PBXGroup section */

/* Begin PBXNativeTarget section */
		2DDAE3501F16204B00BD9013 /* LinksyDemo */ = {
			isa = PBXNativeTarget;
			buildConfigurationList = 2DDAE3791F16204C00BD9013 /* Build configuration list for PBXNativeTarget "LinksyDemo" */;
			buildPhases = (
				F7EEDA81B5F62F71CF46C118 /* [CP] Check Pods Manifest.lock */,
				2DDAE34D1F16204B00BD9013 /* Sources */,
				2DDAE34E1F16204B00BD9013 /* Frameworks */,
				2DDAE34F1F16204B00BD9013 /* Resources */,
				BCE5C02512AC804E3FF69913 /* [CP] Embed Pods Frameworks */,
				544A7FFBDF42D315D306A172 /* [CP] Copy Pods Resources */,
			);
			buildRules = (
			);
			dependencies = (
			);
			name = LinksyDemo;
			productName = LinksyDemo;
			productReference = 2DDAE3511F16204B00BD9013 /* Linksy.app */;
			productType = "com.apple.product-type.application";
		};
		2DDAE3641F16204C00BD9013 /* LinksyDemoTests */ = {
			isa = PBXNativeTarget;
			buildConfigurationList = 2DDAE37C1F16204C00BD9013 /* Build configuration list for PBXNativeTarget "LinksyDemoTests" */;
			buildPhases = (
				67816DB65D1A5E9BBF1C3776 /* [CP] Check Pods Manifest.lock */,
				2DDAE3611F16204C00BD9013 /* Sources */,
				2DDAE3621F16204C00BD9013 /* Frameworks */,
				2DDAE3631F16204C00BD9013 /* Resources */,
				A0B5E4AA6AA2D44571DEC06B /* [CP] Embed Pods Frameworks */,
				6E4F665E8FC24191760BF3AA /* [CP] Copy Pods Resources */,
			);
			buildRules = (
			);
			dependencies = (
				2DDAE3671F16204C00BD9013 /* PBXTargetDependency */,
			);
			name = LinksyDemoTests;
			productName = LinksyDemoTests;
			productReference = 2DDAE3651F16204C00BD9013 /* LinksyDemoTests.xctest */;
			productType = "com.apple.product-type.bundle.unit-test";
		};
		2DDAE36F1F16204C00BD9013 /* LinksyDemoUITests */ = {
			isa = PBXNativeTarget;
			buildConfigurationList = 2DDAE37F1F16204C00BD9013 /* Build configuration list for PBXNativeTarget "LinksyDemoUITests" */;
			buildPhases = (
				178C8F1423FCAE0160F73B6B /* [CP] Check Pods Manifest.lock */,
				2DDAE36C1F16204C00BD9013 /* Sources */,
				2DDAE36D1F16204C00BD9013 /* Frameworks */,
				2DDAE36E1F16204C00BD9013 /* Resources */,
				417C677D449F6643C4E2DBEB /* [CP] Embed Pods Frameworks */,
				DA26B3CC353B5715E7B8D4E0 /* [CP] Copy Pods Resources */,
			);
			buildRules = (
			);
			dependencies = (
				2DDAE3721F16204C00BD9013 /* PBXTargetDependency */,
			);
			name = LinksyDemoUITests;
			productName = LinksyDemoUITests;
			productReference = 2DDAE3701F16204C00BD9013 /* LinksyDemoUITests.xctest */;
			productType = "com.apple.product-type.bundle.ui-testing";
		};
/* End PBXNativeTarget section */

/* Begin PBXProject section */
		2DDAE3491F16204B00BD9013 /* Project object */ = {
			isa = PBXProject;
			attributes = {
				LastSwiftUpdateCheck = 0830;
				LastUpgradeCheck = 0830;
				ORGANIZATIONNAME = "APPLE MAC MINI";
				TargetAttributes = {
					2DDAE3501F16204B00BD9013 = {
						CreatedOnToolsVersion = 8.3.3;
						DevelopmentTeam = 3NWJFVU6RP;
						ProvisioningStyle = Manual;
						SystemCapabilities = {
							com.apple.Push = {
								enabled = 1;
							};
						};
					};
					2DDAE3641F16204C00BD9013 = {
						CreatedOnToolsVersion = 8.3.3;
						ProvisioningStyle = Automatic;
						TestTargetID = 2DDAE3501F16204B00BD9013;
					};
					2DDAE36F1F16204C00BD9013 = {
						CreatedOnToolsVersion = 8.3.3;
						ProvisioningStyle = Automatic;
						TestTargetID = 2DDAE3501F16204B00BD9013;
					};
				};
			};
			buildConfigurationList = 2DDAE34C1F16204B00BD9013 /* Build configuration list for PBXProject "LinksyDemo" */;
			compatibilityVersion = "Xcode 3.2";
			developmentRegion = English;
			hasScannedForEncodings = 0;
			knownRegions = (
				en,
				Base,
			);
			mainGroup = 2DDAE3481F16204B00BD9013;
			productRefGroup = 2DDAE3521F16204B00BD9013 /* Products */;
			projectDirPath = "";
			projectReferences = (
				{
					ProductGroup = 2D03BF081F18A6CB00D5E5AD /* Products */;
					ProjectRef = 2D03BF071F18A6CB00D5E5AD /* ZLSwipeableViewSwift.xcodeproj */;
				},
			);
			projectRoot = "";
			targets = (
				2DDAE3501F16204B00BD9013 /* LinksyDemo */,
				2DDAE3641F16204C00BD9013 /* LinksyDemoTests */,
				2DDAE36F1F16204C00BD9013 /* LinksyDemoUITests */,
			);
		};
/* End PBXProject section */

/* Begin PBXReferenceProxy section */
		2D03BF111F18A6CB00D5E5AD /* ZLSwipeableViewSwift.framework */ = {
			isa = PBXReferenceProxy;
			fileType = wrapper.framework;
			path = ZLSwipeableViewSwift.framework;
			remoteRef = 2D03BF101F18A6CB00D5E5AD /* PBXContainerItemProxy */;
			sourceTree = BUILT_PRODUCTS_DIR;
		};
/* End PBXReferenceProxy section */

/* Begin PBXResourcesBuildPhase section */
		2DDAE34F1F16204B00BD9013 /* Resources */ = {
			isa = PBXResourcesBuildPhase;
			buildActionMask = 2147483647;
			files = (
				2D03BF4C1F18DBAC00D5E5AD /* LICENSE in Resources */,
				2DDAE35F1F16204B00BD9013 /* LaunchScreen.storyboard in Resources */,
				2D03BF4E1F18DBAC00D5E5AD /* LICENSE in Resources */,
				2DFC645E1F18F2D500937F0E /* CardContentView.xib in Resources */,
				2DDAE35C1F16204B00BD9013 /* Assets.xcassets in Resources */,
				2D03BF0B1F18A6CB00D5E5AD /* Info.plist in Resources */,
				6C1DD0E91F2F9FDA005BD6D8 /* IQKeyboardManager.bundle in Resources */,
				2DDAE35A1F16204B00BD9013 /* Main.storyboard in Resources */,
			);
			runOnlyForDeploymentPostprocessing = 0;
		};
		2DDAE3631F16204C00BD9013 /* Resources */ = {
			isa = PBXResourcesBuildPhase;
			buildActionMask = 2147483647;
			files = (
			);
			runOnlyForDeploymentPostprocessing = 0;
		};
		2DDAE36E1F16204C00BD9013 /* Resources */ = {
			isa = PBXResourcesBuildPhase;
			buildActionMask = 2147483647;
			files = (
			);
			runOnlyForDeploymentPostprocessing = 0;
		};
/* End PBXResourcesBuildPhase section */

/* Begin PBXShellScriptBuildPhase section */
		178C8F1423FCAE0160F73B6B /* [CP] Check Pods Manifest.lock */ = {
			isa = PBXShellScriptBuildPhase;
			buildActionMask = 2147483647;
			files = (
			);
			inputPaths = (
			);
			name = "[CP] Check Pods Manifest.lock";
			outputPaths = (
			);
			runOnlyForDeploymentPostprocessing = 0;
			shellPath = /bin/sh;
			shellScript = "diff \"${PODS_PODFILE_DIR_PATH}/Podfile.lock\" \"${PODS_ROOT}/Manifest.lock\" > /dev/null\nif [ $? != 0 ] ; then\n    # print error to STDERR\n    echo \"error: The sandbox is not in sync with the Podfile.lock. Run 'pod install' or update your CocoaPods installation.\" >&2\n    exit 1\nfi\n";
			showEnvVarsInLog = 0;
		};
		417C677D449F6643C4E2DBEB /* [CP] Embed Pods Frameworks */ = {
			isa = PBXShellScriptBuildPhase;
			buildActionMask = 2147483647;
			files = (
			);
			inputPaths = (
			);
			name = "[CP] Embed Pods Frameworks";
			outputPaths = (
			);
			runOnlyForDeploymentPostprocessing = 0;
			shellPath = /bin/sh;
			shellScript = "\"${SRCROOT}/Pods/Target Support Files/Pods-LinksyDemoUITests/Pods-LinksyDemoUITests-frameworks.sh\"\n";
			showEnvVarsInLog = 0;
		};
		544A7FFBDF42D315D306A172 /* [CP] Copy Pods Resources */ = {
			isa = PBXShellScriptBuildPhase;
			buildActionMask = 2147483647;
			files = (
			);
			inputPaths = (
			);
			name = "[CP] Copy Pods Resources";
			outputPaths = (
			);
			runOnlyForDeploymentPostprocessing = 0;
			shellPath = /bin/sh;
			shellScript = "\"${SRCROOT}/Pods/Target Support Files/Pods-LinksyDemo/Pods-LinksyDemo-resources.sh\"\n";
			showEnvVarsInLog = 0;
		};
		67816DB65D1A5E9BBF1C3776 /* [CP] Check Pods Manifest.lock */ = {
			isa = PBXShellScriptBuildPhase;
			buildActionMask = 2147483647;
			files = (
			);
			inputPaths = (
			);
			name = "[CP] Check Pods Manifest.lock";
			outputPaths = (
			);
			runOnlyForDeploymentPostprocessing = 0;
			shellPath = /bin/sh;
			shellScript = "diff \"${PODS_PODFILE_DIR_PATH}/Podfile.lock\" \"${PODS_ROOT}/Manifest.lock\" > /dev/null\nif [ $? != 0 ] ; then\n    # print error to STDERR\n    echo \"error: The sandbox is not in sync with the Podfile.lock. Run 'pod install' or update your CocoaPods installation.\" >&2\n    exit 1\nfi\n";
			showEnvVarsInLog = 0;
		};
		6E4F665E8FC24191760BF3AA /* [CP] Copy Pods Resources */ = {
			isa = PBXShellScriptBuildPhase;
			buildActionMask = 2147483647;
			files = (
			);
			inputPaths = (
			);
			name = "[CP] Copy Pods Resources";
			outputPaths = (
			);
			runOnlyForDeploymentPostprocessing = 0;
			shellPath = /bin/sh;
			shellScript = "\"${SRCROOT}/Pods/Target Support Files/Pods-LinksyDemoTests/Pods-LinksyDemoTests-resources.sh\"\n";
			showEnvVarsInLog = 0;
		};
		A0B5E4AA6AA2D44571DEC06B /* [CP] Embed Pods Frameworks */ = {
			isa = PBXShellScriptBuildPhase;
			buildActionMask = 2147483647;
			files = (
			);
			inputPaths = (
			);
			name = "[CP] Embed Pods Frameworks";
			outputPaths = (
			);
			runOnlyForDeploymentPostprocessing = 0;
			shellPath = /bin/sh;
			shellScript = "\"${SRCROOT}/Pods/Target Support Files/Pods-LinksyDemoTests/Pods-LinksyDemoTests-frameworks.sh\"\n";
			showEnvVarsInLog = 0;
		};
		BCE5C02512AC804E3FF69913 /* [CP] Embed Pods Frameworks */ = {
			isa = PBXShellScriptBuildPhase;
			buildActionMask = 2147483647;
			files = (
			);
			inputPaths = (
			);
			name = "[CP] Embed Pods Frameworks";
			outputPaths = (
			);
			runOnlyForDeploymentPostprocessing = 0;
			shellPath = /bin/sh;
			shellScript = "\"${SRCROOT}/Pods/Target Support Files/Pods-LinksyDemo/Pods-LinksyDemo-frameworks.sh\"\n";
			showEnvVarsInLog = 0;
		};
		DA26B3CC353B5715E7B8D4E0 /* [CP] Copy Pods Resources */ = {
			isa = PBXShellScriptBuildPhase;
			buildActionMask = 2147483647;
			files = (
			);
			inputPaths = (
			);
			name = "[CP] Copy Pods Resources";
			outputPaths = (
			);
			runOnlyForDeploymentPostprocessing = 0;
			shellPath = /bin/sh;
			shellScript = "\"${SRCROOT}/Pods/Target Support Files/Pods-LinksyDemoUITests/Pods-LinksyDemoUITests-resources.sh\"\n";
			showEnvVarsInLog = 0;
		};
		F7EEDA81B5F62F71CF46C118 /* [CP] Check Pods Manifest.lock */ = {
			isa = PBXShellScriptBuildPhase;
			buildActionMask = 2147483647;
			files = (
			);
			inputPaths = (
			);
			name = "[CP] Check Pods Manifest.lock";
			outputPaths = (
			);
			runOnlyForDeploymentPostprocessing = 0;
			shellPath = /bin/sh;
			shellScript = "diff \"${PODS_PODFILE_DIR_PATH}/Podfile.lock\" \"${PODS_ROOT}/Manifest.lock\" > /dev/null\nif [ $? != 0 ] ; then\n    # print error to STDERR\n    echo \"error: The sandbox is not in sync with the Podfile.lock. Run 'pod install' or update your CocoaPods installation.\" >&2\n    exit 1\nfi\n";
			showEnvVarsInLog = 0;
		};
/* End PBXShellScriptBuildPhase section */

/* Begin PBXSourcesBuildPhase section */
		2DDAE34D1F16204B00BD9013 /* Sources */ = {
			isa = PBXSourcesBuildPhase;
			buildActionMask = 2147483647;
			files = (
				6C1DD0E11F2F9FDA005BD6D8 /* IQKeyboardManager.m in Sources */,
				2D03BF3B1F18DBAC00D5E5AD /* Constraint.swift in Sources */,
				2D0BB96A1F174BE10031B04F /* SignUpViewController.swift in Sources */,
				2D03BF401F18DBAC00D5E5AD /* Edge.swift in Sources */,
				2D03BF171F18DA4200D5E5AD /* webviewViewController.swift in Sources */,
				2D03BF3E1F18DBAC00D5E5AD /* Dimension.swift in Sources */,
				2D03BF131F18BB6E00D5E5AD /* CardView.swift in Sources */,
				2D646C201F444D3B00AF492F /* RippleLayer.swift in Sources */,
				2D772B701F1E042F00BE6912 /* ProfileViewController.swift in Sources */,
				2D9E6E6A1F25D350001DE91B /* PositioninfoCollectionViewCell.swift in Sources */,
				2DDAE3571F16204B00BD9013 /* ViewController.swift in Sources */,
				2D03BEEE1F189A3600D5E5AD /* SwipingViewController.swift in Sources */,
				6C1DD0E61F2F9FDA005BD6D8 /* IQTitleBarButtonItem.m in Sources */,
				2D03BF0C1F18A6CB00D5E5AD /* Scheduler.swift in Sources */,
				2D03BF4D1F18DBAC00D5E5AD /* README.md in Sources */,
				2DCA47FF1F4D648800FA88E9 /* ChatOutViewViewController.swift in Sources */,
				6C1DD0E21F2F9FDA005BD6D8 /* IQKeyboardReturnKeyHandler.m in Sources */,
				2D4331041F1F274B008C7E65 /* NameCellCollectionViewCell.swift in Sources */,
				2DB325C51F839D6900288E9A /* SegueFromLeft.swift in Sources */,
				2D03BF501F18DBAC00D5E5AD /* UIColor+FlatColors.m in Sources */,
				2DB325C81F839F1C00288E9A /* SegueFromRight.swift in Sources */,
				2DB1F84A1F8660D2002572E2 /* LinksyDemo.xcdatamodeld in Sources */,
				2D3A4EC51F29EC2800CA9C10 /* UserProfileInfoViewController.swift in Sources */,
				6C1DD0E01F2F9FDA005BD6D8 /* IQUIWindow+Hierarchy.m in Sources */,
				2D03BF421F18DBAC00D5E5AD /* Expression.swift in Sources */,
				2D03BF0A1F18A6CB00D5E5AD /* Direction.swift in Sources */,
				2D9E6E671F25C299001DE91B /* ProfileInfoViewController.swift in Sources */,
				2D03BF0E1F18A6CB00D5E5AD /* ZLSwipeableView.swift in Sources */,
				2D79323A1F21E56A00E1E61B /* ChatScreenViewController.swift in Sources */,
				2D03BF3F1F18DBAC00D5E5AD /* Distribute.swift in Sources */,
				2D03BF3A1F18DBAC00D5E5AD /* Constrain.swift in Sources */,
				2D03BF0D1F18A6CB00D5E5AD /* ViewManager.swift in Sources */,
				2D03BF411F18DBAC00D5E5AD /* Edges.swift in Sources */,
				6C1DD0DC1F2F9FDA005BD6D8 /* IQNSArray+Sort.m in Sources */,
				2D54C2BE1F30975E00EE76AA /* CompanyCollectionViewCell.swift in Sources */,
				2DD695C91F2F062400C81ABE /* TopicsCollectionViewCell.swift in Sources */,
				6C1DD0E71F2F9FDA005BD6D8 /* IQToolbar.m in Sources */,
				6C1DD0E81F2F9FDA005BD6D8 /* IQUIView+IQKeyboardToolbar.m in Sources */,
				2D03BF491F18DBAC00D5E5AD /* Size.swift in Sources */,
				2D03BF481F18DBAC00D5E5AD /* Property.swift in Sources */,
				2DB848E51F20CDA50062C524 /* MatchesViewController.swift in Sources */,
				2D7932381F21D33900E1E61B /* MessageCollectionViewCell.swift in Sources */,
				2D03BF371F18DBAC00D5E5AD /* Align.swift in Sources */,
				2D03BF381F18DBAC00D5E5AD /* Coefficients.swift in Sources */,
				6C1DD0DD1F2F9FDA005BD6D8 /* IQUITextFieldView+Additions.m in Sources */,
				2D3A4EC71F2A052600CA9C10 /* UserPositioninfoCollectionViewCell.swift in Sources */,
				6C1DD0DE1F2F9FDA005BD6D8 /* IQUIView+Hierarchy.m in Sources */,
				6C1DD0E51F2F9FDA005BD6D8 /* IQBarButtonItem.m in Sources */,
				2DDAE3551F16204B00BD9013 /* AppDelegate.swift in Sources */,
				2D03BF451F18DBAC00D5E5AD /* LayoutSupport.swift in Sources */,
				2D03BF4B1F18DBAC00D5E5AD /* ViewUtils.swift in Sources */,
				6C1DD0E41F2F9FDA005BD6D8 /* IQTextView.m in Sources */,
				2DB848E71F20D51A0062C524 /* MatchesCollectionViewCell.swift in Sources */,
				2D03BF431F18DBAC00D5E5AD /* Extensions.swift in Sources */,
				6C1DD0E31F2F9FDA005BD6D8 /* IQSegmentedNextPrevious.m in Sources */,
				2D03BF391F18DBAC00D5E5AD /* Compound.swift in Sources */,
				2D03BF3D1F18DBAC00D5E5AD /* Context.swift in Sources */,
				2DE375781F72562200E8CFA8 /* JHProgressHUD.swift in Sources */,
				2D03BF471F18DBAC00D5E5AD /* Priority.swift in Sources */,
				2D03BF4F1F18DBAC00D5E5AD /* README.md in Sources */,
				2D7932351F21CEA700E1E61B /* MessageViewController.swift in Sources */,
				2D03BF461F18DBAC00D5E5AD /* Point.swift in Sources */,
				6C1DD0DF1F2F9FDA005BD6D8 /* IQUIViewController+Additions.m in Sources */,
				2D03BF4A1F18DBAC00D5E5AD /* View.swift in Sources */,
				2D03BF3C1F18DBAC00D5E5AD /* ConstraintGroup.swift in Sources */,
				2D03BF441F18DBAC00D5E5AD /* LayoutProxy.swift in Sources */,
				2D03BF151F18DA2B00D5E5AD /* dummyViewController.swift in Sources */,
			);
			runOnlyForDeploymentPostprocessing = 0;
		};
		2DDAE3611F16204C00BD9013 /* Sources */ = {
			isa = PBXSourcesBuildPhase;
			buildActionMask = 2147483647;
			files = (
				2DDAE36A1F16204C00BD9013 /* LinksyDemoTests.swift in Sources */,
			);
			runOnlyForDeploymentPostprocessing = 0;
		};
		2DDAE36C1F16204C00BD9013 /* Sources */ = {
			isa = PBXSourcesBuildPhase;
			buildActionMask = 2147483647;
			files = (
				2DDAE3751F16204C00BD9013 /* LinksyDemoUITests.swift in Sources */,
			);
			runOnlyForDeploymentPostprocessing = 0;
		};
/* End PBXSourcesBuildPhase section */

/* Begin PBXTargetDependency section */
		2DDAE3671F16204C00BD9013 /* PBXTargetDependency */ = {
			isa = PBXTargetDependency;
			target = 2DDAE3501F16204B00BD9013 /* LinksyDemo */;
			targetProxy = 2DDAE3661F16204C00BD9013 /* PBXContainerItemProxy */;
		};
		2DDAE3721F16204C00BD9013 /* PBXTargetDependency */ = {
			isa = PBXTargetDependency;
			target = 2DDAE3501F16204B00BD9013 /* LinksyDemo */;
			targetProxy = 2DDAE3711F16204C00BD9013 /* PBXContainerItemProxy */;
		};
/* End PBXTargetDependency section */

/* Begin PBXVariantGroup section */
		2DDAE3581F16204B00BD9013 /* Main.storyboard */ = {
			isa = PBXVariantGroup;
			children = (
				2DDAE3591F16204B00BD9013 /* Base */,
			);
			name = Main.storyboard;
			sourceTree = "<group>";
		};
		2DDAE35D1F16204B00BD9013 /* LaunchScreen.storyboard */ = {
			isa = PBXVariantGroup;
			children = (
				2DDAE35E1F16204B00BD9013 /* Base */,
			);
			name = LaunchScreen.storyboard;
			sourceTree = "<group>";
		};
/* End PBXVariantGroup section */

/* Begin XCBuildConfiguration section */
		2DDAE3771F16204C00BD9013 /* Debug */ = {
			isa = XCBuildConfiguration;
			buildSettings = {
				ALWAYS_SEARCH_USER_PATHS = NO;
				CLANG_ANALYZER_NONNULL = YES;
				CLANG_ANALYZER_NUMBER_OBJECT_CONVERSION = YES_AGGRESSIVE;
				CLANG_CXX_LANGUAGE_STANDARD = "gnu++0x";
				CLANG_CXX_LIBRARY = "libc++";
				CLANG_ENABLE_MODULES = YES;
				CLANG_ENABLE_OBJC_ARC = YES;
				CLANG_WARN_BOOL_CONVERSION = YES;
				CLANG_WARN_CONSTANT_CONVERSION = YES;
				CLANG_WARN_DIRECT_OBJC_ISA_USAGE = YES_ERROR;
				CLANG_WARN_DOCUMENTATION_COMMENTS = YES;
				CLANG_WARN_EMPTY_BODY = YES;
				CLANG_WARN_ENUM_CONVERSION = YES;
				CLANG_WARN_INFINITE_RECURSION = YES;
				CLANG_WARN_INT_CONVERSION = YES;
				CLANG_WARN_OBJC_ROOT_CLASS = YES_ERROR;
				CLANG_WARN_SUSPICIOUS_MOVE = YES;
				CLANG_WARN_UNREACHABLE_CODE = YES;
				CLANG_WARN__DUPLICATE_METHOD_MATCH = YES;
				CODE_SIGN_IDENTITY = "iPhone Developer: Inayat  Patel (PP9B4GPB5W)";
				"CODE_SIGN_IDENTITY[sdk=iphoneos*]" = "iPhone Developer: Inayat  Patel (PP9B4GPB5W)";
				COPY_PHASE_STRIP = NO;
				DEBUG_INFORMATION_FORMAT = dwarf;
				ENABLE_STRICT_OBJC_MSGSEND = YES;
				ENABLE_TESTABILITY = YES;
				GCC_C_LANGUAGE_STANDARD = gnu99;
				GCC_DYNAMIC_NO_PIC = NO;
				GCC_NO_COMMON_BLOCKS = YES;
				GCC_OPTIMIZATION_LEVEL = 0;
				GCC_PREPROCESSOR_DEFINITIONS = (
					"DEBUG=1",
					"$(inherited)",
				);
				GCC_WARN_64_TO_32_BIT_CONVERSION = YES;
				GCC_WARN_ABOUT_RETURN_TYPE = YES_ERROR;
				GCC_WARN_UNDECLARED_SELECTOR = YES;
				GCC_WARN_UNINITIALIZED_AUTOS = YES_AGGRESSIVE;
				GCC_WARN_UNUSED_FUNCTION = YES;
				GCC_WARN_UNUSED_VARIABLE = YES;
				IPHONEOS_DEPLOYMENT_TARGET = 10.3;
				MTL_ENABLE_DEBUG_INFO = YES;
				ONLY_ACTIVE_ARCH = YES;
				PROVISIONING_PROFILE = "";
				SDKROOT = iphoneos;
				SWIFT_ACTIVE_COMPILATION_CONDITIONS = DEBUG;
				SWIFT_OPTIMIZATION_LEVEL = "-Onone";
			};
			name = Debug;
		};
		2DDAE3781F16204C00BD9013 /* Release */ = {
			isa = XCBuildConfiguration;
			buildSettings = {
				ALWAYS_SEARCH_USER_PATHS = NO;
				CLANG_ANALYZER_NONNULL = YES;
				CLANG_ANALYZER_NUMBER_OBJECT_CONVERSION = YES_AGGRESSIVE;
				CLANG_CXX_LANGUAGE_STANDARD = "gnu++0x";
				CLANG_CXX_LIBRARY = "libc++";
				CLANG_ENABLE_MODULES = YES;
				CLANG_ENABLE_OBJC_ARC = YES;
				CLANG_WARN_BOOL_CONVERSION = YES;
				CLANG_WARN_CONSTANT_CONVERSION = YES;
				CLANG_WARN_DIRECT_OBJC_ISA_USAGE = YES_ERROR;
				CLANG_WARN_DOCUMENTATION_COMMENTS = YES;
				CLANG_WARN_EMPTY_BODY = YES;
				CLANG_WARN_ENUM_CONVERSION = YES;
				CLANG_WARN_INFINITE_RECURSION = YES;
				CLANG_WARN_INT_CONVERSION = YES;
				CLANG_WARN_OBJC_ROOT_CLASS = YES_ERROR;
				CLANG_WARN_SUSPICIOUS_MOVE = YES;
				CLANG_WARN_UNREACHABLE_CODE = YES;
				CLANG_WARN__DUPLICATE_METHOD_MATCH = YES;
				CODE_SIGN_IDENTITY = "iPhone Developer: Inayat  Patel (PP9B4GPB5W)";
				"CODE_SIGN_IDENTITY[sdk=iphoneos*]" = "iPhone Developer: Inayat  Patel (PP9B4GPB5W)";
				COPY_PHASE_STRIP = NO;
				DEBUG_INFORMATION_FORMAT = "dwarf-with-dsym";
				ENABLE_NS_ASSERTIONS = NO;
				ENABLE_STRICT_OBJC_MSGSEND = YES;
				GCC_C_LANGUAGE_STANDARD = gnu99;
				GCC_NO_COMMON_BLOCKS = YES;
				GCC_WARN_64_TO_32_BIT_CONVERSION = YES;
				GCC_WARN_ABOUT_RETURN_TYPE = YES_ERROR;
				GCC_WARN_UNDECLARED_SELECTOR = YES;
				GCC_WARN_UNINITIALIZED_AUTOS = YES_AGGRESSIVE;
				GCC_WARN_UNUSED_FUNCTION = YES;
				GCC_WARN_UNUSED_VARIABLE = YES;
				IPHONEOS_DEPLOYMENT_TARGET = 10.3;
				MTL_ENABLE_DEBUG_INFO = NO;
				PROVISIONING_PROFILE = "";
				SDKROOT = iphoneos;
				SWIFT_OPTIMIZATION_LEVEL = "-Owholemodule";
				VALIDATE_PRODUCT = YES;
			};
			name = Release;
		};
		2DDAE37A1F16204C00BD9013 /* Debug */ = {
			isa = XCBuildConfiguration;
			baseConfigurationReference = 4F446DA56550A6A1FDFDB67B /* Pods-LinksyDemo.debug.xcconfig */;
			buildSettings = {
				ASSETCATALOG_COMPILER_APPICON_NAME = AppIcon;
				CODE_SIGN_ENTITLEMENTS = LinksyDemo/LinksyDemo.entitlements;
				CODE_SIGN_IDENTITY = "iPhone Developer: Inayat  Patel (PP9B4GPB5W)";
				"CODE_SIGN_IDENTITY[sdk=iphoneos*]" = "iPhone Developer: Inayat  Patel (PP9B4GPB5W)";
				DEVELOPMENT_TEAM = 3NWJFVU6RP;
				INFOPLIST_FILE = LinksyDemo/Info.plist;
				LD_RUNPATH_SEARCH_PATHS = "$(inherited) @executable_path/Frameworks";
				PRODUCT_BUNDLE_IDENTIFIER = com.barodacoders.Linksy;
				PRODUCT_NAME = Linksy;
				PROVISIONING_PROFILE = "";
				PROVISIONING_PROFILE_SPECIFIER = "Linksy Development Profile";
				SWIFT_VERSION = 3.0;
			};
			name = Debug;
		};
		2DDAE37B1F16204C00BD9013 /* Release */ = {
			isa = XCBuildConfiguration;
			baseConfigurationReference = 550DC85FAE2F953DA1844C1F /* Pods-LinksyDemo.release.xcconfig */;
			buildSettings = {
				ASSETCATALOG_COMPILER_APPICON_NAME = AppIcon;
				CODE_SIGN_ENTITLEMENTS = LinksyDemo/LinksyDemo.entitlements;
				CODE_SIGN_IDENTITY = "iPhone Developer: Inayat  Patel (PP9B4GPB5W)";
				"CODE_SIGN_IDENTITY[sdk=iphoneos*]" = "iPhone Developer: Inayat  Patel (PP9B4GPB5W)";
				DEVELOPMENT_TEAM = 3NWJFVU6RP;
				INFOPLIST_FILE = LinksyDemo/Info.plist;
				LD_RUNPATH_SEARCH_PATHS = "$(inherited) @executable_path/Frameworks";
				PRODUCT_BUNDLE_IDENTIFIER = com.barodacoders.Linksy;
				PRODUCT_NAME = Linksy;
				PROVISIONING_PROFILE = "";
				PROVISIONING_PROFILE_SPECIFIER = "Linksy Development Profile";
				SWIFT_VERSION = 3.0;
			};
			name = Release;
		};
		2DDAE37D1F16204C00BD9013 /* Debug */ = {
			isa = XCBuildConfiguration;
			baseConfigurationReference = 5D5E386740A2FF72D28D38C6 /* Pods-LinksyDemoTests.debug.xcconfig */;
			buildSettings = {
				ALWAYS_EMBED_SWIFT_STANDARD_LIBRARIES = YES;
				BUNDLE_LOADER = "$(TEST_HOST)";
				INFOPLIST_FILE = LinksyDemoTests/Info.plist;
				LD_RUNPATH_SEARCH_PATHS = "$(inherited) @executable_path/Frameworks @loader_path/Frameworks";
				PRODUCT_BUNDLE_IDENTIFIER = com.barodacoders.LinksyDemoTests;
				PRODUCT_NAME = "$(TARGET_NAME)";
				SWIFT_VERSION = 3.0;
				TEST_HOST = "$(BUILT_PRODUCTS_DIR)/LinksyDemo.app/LinksyDemo";
			};
			name = Debug;
		};
		2DDAE37E1F16204C00BD9013 /* Release */ = {
			isa = XCBuildConfiguration;
			baseConfigurationReference = 95ADE819D8E1A7F30A831B0A /* Pods-LinksyDemoTests.release.xcconfig */;
			buildSettings = {
				ALWAYS_EMBED_SWIFT_STANDARD_LIBRARIES = YES;
				BUNDLE_LOADER = "$(TEST_HOST)";
				INFOPLIST_FILE = LinksyDemoTests/Info.plist;
				LD_RUNPATH_SEARCH_PATHS = "$(inherited) @executable_path/Frameworks @loader_path/Frameworks";
				PRODUCT_BUNDLE_IDENTIFIER = com.barodacoders.LinksyDemoTests;
				PRODUCT_NAME = "$(TARGET_NAME)";
				SWIFT_VERSION = 3.0;
				TEST_HOST = "$(BUILT_PRODUCTS_DIR)/LinksyDemo.app/LinksyDemo";
			};
			name = Release;
		};
		2DDAE3801F16204C00BD9013 /* Debug */ = {
			isa = XCBuildConfiguration;
			baseConfigurationReference = AE0ABF97C10C5B9CC5E35650 /* Pods-LinksyDemoUITests.debug.xcconfig */;
			buildSettings = {
				ALWAYS_EMBED_SWIFT_STANDARD_LIBRARIES = YES;
				INFOPLIST_FILE = LinksyDemoUITests/Info.plist;
				LD_RUNPATH_SEARCH_PATHS = "$(inherited) @executable_path/Frameworks @loader_path/Frameworks";
				PRODUCT_BUNDLE_IDENTIFIER = com.barodacoders.LinksyDemoUITests;
				PRODUCT_NAME = "$(TARGET_NAME)";
				SWIFT_VERSION = 3.0;
				TEST_TARGET_NAME = LinksyDemo;
			};
			name = Debug;
		};
		2DDAE3811F16204C00BD9013 /* Release */ = {
			isa = XCBuildConfiguration;
			baseConfigurationReference = 7B65178C8AF175CD53C39AE8 /* Pods-LinksyDemoUITests.release.xcconfig */;
			buildSettings = {
				ALWAYS_EMBED_SWIFT_STANDARD_LIBRARIES = YES;
				INFOPLIST_FILE = LinksyDemoUITests/Info.plist;
				LD_RUNPATH_SEARCH_PATHS = "$(inherited) @executable_path/Frameworks @loader_path/Frameworks";
				PRODUCT_BUNDLE_IDENTIFIER = com.barodacoders.LinksyDemoUITests;
				PRODUCT_NAME = "$(TARGET_NAME)";
				SWIFT_VERSION = 3.0;
				TEST_TARGET_NAME = LinksyDemo;
			};
			name = Release;
		};
/* End XCBuildConfiguration section */

/* Begin XCConfigurationList section */
		2DDAE34C1F16204B00BD9013 /* Build configuration list for PBXProject "LinksyDemo" */ = {
			isa = XCConfigurationList;
			buildConfigurations = (
				2DDAE3771F16204C00BD9013 /* Debug */,
				2DDAE3781F16204C00BD9013 /* Release */,
			);
			defaultConfigurationIsVisible = 0;
			defaultConfigurationName = Release;
		};
		2DDAE3791F16204C00BD9013 /* Build configuration list for PBXNativeTarget "LinksyDemo" */ = {
			isa = XCConfigurationList;
			buildConfigurations = (
				2DDAE37A1F16204C00BD9013 /* Debug */,
				2DDAE37B1F16204C00BD9013 /* Release */,
			);
			defaultConfigurationIsVisible = 0;
			defaultConfigurationName = Release;
		};
		2DDAE37C1F16204C00BD9013 /* Build configuration list for PBXNativeTarget "LinksyDemoTests" */ = {
			isa = XCConfigurationList;
			buildConfigurations = (
				2DDAE37D1F16204C00BD9013 /* Debug */,
				2DDAE37E1F16204C00BD9013 /* Release */,
			);
			defaultConfigurationIsVisible = 0;
			defaultConfigurationName = Release;
		};
		2DDAE37F1F16204C00BD9013 /* Build configuration list for PBXNativeTarget "LinksyDemoUITests" */ = {
			isa = XCConfigurationList;
			buildConfigurations = (
				2DDAE3801F16204C00BD9013 /* Debug */,
				2DDAE3811F16204C00BD9013 /* Release */,
			);
			defaultConfigurationIsVisible = 0;
			defaultConfigurationName = Release;
		};
/* End XCConfigurationList section */

/* Begin XCVersionGroup section */
		2DB1F8481F8660D2002572E2 /* LinksyDemo.xcdatamodeld */ = {
			isa = XCVersionGroup;
			children = (
				2DB1F8491F8660D2002572E2 /* LinksyDemo.xcdatamodel */,
			);
			currentVersion = 2DB1F8491F8660D2002572E2 /* LinksyDemo.xcdatamodel */;
			path = LinksyDemo.xcdatamodeld;
			sourceTree = "<group>";
			versionGroupType = wrapper.xcdatamodel;
		};
/* End XCVersionGroup section */
	};
	rootObject = 2DDAE3491F16204B00BD9013 /* Project object */;
}
